// !$*UTF8*$!
{
	archiveVersion = 1;
	classes = {
	};
	objectVersion = 46;
	objects = {

/* Begin PBXBuildFile section */
		6C7AAABC1EF0F6F60012AF85 /* main.m in Sources */ = {isa = PBXBuildFile; fileRef = 6C7AAABB1EF0F6F60012AF85 /* main.m */; };
		6C7AAABF1EF0F6F60012AF85 /* AppDelegate.m in Sources */ = {isa = PBXBuildFile; fileRef = 6C7AAABE1EF0F6F60012AF85 /* AppDelegate.m */; };
		6C7AAAC21EF0F6F60012AF85 /* ViewController.m in Sources */ = {isa = PBXBuildFile; fileRef = 6C7AAAC11EF0F6F60012AF85 /* ViewController.m */; };
		6C7AAAC51EF0F6F60012AF85 /* Main.storyboard in Resources */ = {isa = PBXBuildFile; fileRef = 6C7AAAC31EF0F6F60012AF85 /* Main.storyboard */; };
		6C7AAAC71EF0F6F60012AF85 /* Assets.xcassets in Resources */ = {isa = PBXBuildFile; fileRef = 6C7AAAC61EF0F6F60012AF85 /* Assets.xcassets */; };
		6C7AAACA1EF0F6F60012AF85 /* LaunchScreen.storyboard in Resources */ = {isa = PBXBuildFile; fileRef = 6C7AAAC81EF0F6F60012AF85 /* LaunchScreen.storyboard */; };
		6C7AAAD51EF0F6F60012AF85 /* __Tests.m in Sources */ = {isa = PBXBuildFile; fileRef = 6C7AAAD41EF0F6F60012AF85 /* __Tests.m */; };
		6C7AAAE01EF0F6F60012AF85 /* __UITests.m in Sources */ = {isa = PBXBuildFile; fileRef = 6C7AAADF1EF0F6F60012AF85 /* __UITests.m */; };
/* End PBXBuildFile section */

/* Begin PBXContainerItemProxy section */
		6C7AAAD11EF0F6F60012AF85 /* PBXContainerItemProxy */ = {
			isa = PBXContainerItemProxy;
			containerPortal = 6C7AAAAF1EF0F6F60012AF85 /* Project object */;
			proxyType = 1;
			remoteGlobalIDString = 6C7AAAB61EF0F6F60012AF85;
			remoteInfo = "团购";
		};
		6C7AAADC1EF0F6F60012AF85 /* PBXContainerItemProxy */ = {
			isa = PBXContainerItemProxy;
			containerPortal = 6C7AAAAF1EF0F6F60012AF85 /* Project object */;
			proxyType = 1;
			remoteGlobalIDString = 6C7AAAB61EF0F6F60012AF85;
			remoteInfo = "团购";
		};
/* End PBXContainerItemProxy section */

/* Begin PBXFileReference section */
		6C7AAAB71EF0F6F60012AF85 /* 团购.app */ = {isa = PBXFileReference; explicitFileType = wrapper.application; includeInIndex = 0; path = "团购.app"; sourceTree = BUILT_PRODUCTS_DIR; };
		6C7AAABB1EF0F6F60012AF85 /* main.m */ = {isa = PBXFileReference; lastKnownFileType = sourcecode.c.objc; path = main.m; sourceTree = "<group>"; };
		6C7AAABD1EF0F6F60012AF85 /* AppDelegate.h */ = {isa = PBXFileReference; lastKnownFileType = sourcecode.c.h; path = AppDelegate.h; sourceTree = "<group>"; };
		6C7AAABE1EF0F6F60012AF85 /* AppDelegate.m */ = {isa = PBXFileReference; lastKnownFileType = sourcecode.c.objc; path = AppDelegate.m; sourceTree = "<group>"; };
		6C7AAAC01EF0F6F60012AF85 /* ViewController.h */ = {isa = PBXFileReference; lastKnownFileType = sourcecode.c.h; path = ViewController.h; sourceTree = "<group>"; };
		6C7AAAC11EF0F6F60012AF85 /* ViewController.m */ = {isa = PBXFileReference; lastKnownFileType = sourcecode.c.objc; path = ViewController.m; sourceTree = "<group>"; };
		6C7AAAC41EF0F6F60012AF85 /* Base */ = {isa = PBXFileReference; lastKnownFileType = file.storyboard; name = Base; path = Base.lproj/Main.storyboard; sourceTree = "<group>"; };
		6C7AAAC61EF0F6F60012AF85 /* Assets.xcassets */ = {isa = PBXFileReference; lastKnownFileType = folder.assetcatalog; path = Assets.xcassets; sourceTree = "<group>"; };
		6C7AAAC91EF0F6F60012AF85 /* Base */ = {isa = PBXFileReference; lastKnownFileType = file.storyboard; name = Base; path = Base.lproj/LaunchScreen.storyboard; sourceTree = "<group>"; };
		6C7AAACB1EF0F6F60012AF85 /* Info.plist */ = {isa = PBXFileReference; lastKnownFileType = text.plist.xml; path = Info.plist; sourceTree = "<group>"; };
		6C7AAAD01EF0F6F60012AF85 /* 团购Tests.xctest */ = {isa = PBXFileReference; explicitFileType = wrapper.cfbundle; includeInIndex = 0; path = "团购Tests.xctest"; sourceTree = BUILT_PRODUCTS_DIR; };
		6C7AAAD41EF0F6F60012AF85 /* __Tests.m */ = {isa = PBXFileReference; lastKnownFileType = sourcecode.c.objc; path = __Tests.m; sourceTree = "<group>"; };
		6C7AAAD61EF0F6F60012AF85 /* Info.plist */ = {isa = PBXFileReference; lastKnownFileType = text.plist.xml; path = Info.plist; sourceTree = "<group>"; };
		6C7AAADB1EF0F6F60012AF85 /* 团购UITests.xctest */ = {isa = PBXFileReference; explicitFileType = wrapper.cfbundle; includeInIndex = 0; path = "团购UITests.xctest"; sourceTree = BUILT_PRODUCTS_DIR; };
		6C7AAADF1EF0F6F60012AF85 /* __UITests.m */ = {isa = PBXFileReference; lastKnownFileType = sourcecode.c.objc; path = __UITests.m; sourceTree = "<group>"; };
		6C7AAAE11EF0F6F60012AF85 /* Info.plist */ = {isa = PBXFileReference; lastKnownFileType = text.plist.xml; path = Info.plist; sourceTree = "<group>"; };
/* End PBXFileReference section */

/* Begin PBXFrameworksBuildPhase section */
		6C7AAAB41EF0F6F60012AF85 /* Frameworks */ = {
			isa = PBXFrameworksBuildPhase;
			buildActionMask = 2147483647;
			files = (
			);
			runOnlyForDeploymentPostprocessing = 0;
		};
		6C7AAACD1EF0F6F60012AF85 /* Frameworks */ = {
			isa = PBXFrameworksBuildPhase;
			buildActionMask = 2147483647;
			files = (
			);
			runOnlyForDeploymentPostprocessing = 0;
		};
		6C7AAAD81EF0F6F60012AF85 /* Frameworks */ = {
			isa = PBXFrameworksBuildPhase;
			buildActionMask = 2147483647;
			files = (
			);
			runOnlyForDeploymentPostprocessing = 0;
		};
/* End PBXFrameworksBuildPhase section */

/* Begin PBXGroup section */
		6C7AAAAE1EF0F6F60012AF85 = {
			isa = PBXGroup;
			children = (
				6C7AAAB91EF0F6F60012AF85 /* 团购 */,
				6C7AAAD31EF0F6F60012AF85 /* 团购Tests */,
				6C7AAADE1EF0F6F60012AF85 /* 团购UITests */,
				6C7AAAB81EF0F6F60012AF85 /* Products */,
			);
			sourceTree = "<group>";
		};
		6C7AAAB81EF0F6F60012AF85 /* Products */ = {
			isa = PBXGroup;
			children = (
				6C7AAAB71EF0F6F60012AF85 /* 团购.app */,
				6C7AAAD01EF0F6F60012AF85 /* 团购Tests.xctest */,
				6C7AAADB1EF0F6F60012AF85 /* 团购UITests.xctest */,
			);
			name = Products;
			sourceTree = "<group>";
		};
		6C7AAAB91EF0F6F60012AF85 /* 团购 */ = {
			isa = PBXGroup;
			children = (
				6C7AAABD1EF0F6F60012AF85 /* AppDelegate.h */,
				6C7AAABE1EF0F6F60012AF85 /* AppDelegate.m */,
				6C7AAAC01EF0F6F60012AF85 /* ViewController.h */,
				6C7AAAC11EF0F6F60012AF85 /* ViewController.m */,
				6C7AAAC31EF0F6F60012AF85 /* Main.storyboard */,
				6C7AAAC61EF0F6F60012AF85 /* Assets.xcassets */,
				6C7AAAC81EF0F6F60012AF85 /* LaunchScreen.storyboard */,
				6C7AAACB1EF0F6F60012AF85 /* Info.plist */,
				6C7AAABA1EF0F6F60012AF85 /* Supporting Files */,
			);
			path = "团购";
			sourceTree = "<group>";
		};
		6C7AAABA1EF0F6F60012AF85 /* Supporting Files */ = {
			isa = PBXGroup;
			children = (
				6C7AAABB1EF0F6F60012AF85 /* main.m */,
			);
			name = "Supporting Files";
			sourceTree = "<group>";
		};
		6C7AAAD31EF0F6F60012AF85 /* 团购Tests */ = {
			isa = PBXGroup;
			children = (
				6C7AAAD41EF0F6F60012AF85 /* __Tests.m */,
				6C7AAAD61EF0F6F60012AF85 /* Info.plist */,
			);
			path = "团购Tests";
			sourceTree = "<group>";
		};
		6C7AAADE1EF0F6F60012AF85 /* 团购UITests */ = {
			isa = PBXGroup;
			children = (
				6C7AAADF1EF0F6F60012AF85 /* __UITests.m */,
				6C7AAAE11EF0F6F60012AF85 /* Info.plist */,
			);
			path = "团购UITests";
			sourceTree = "<group>";
		};
/* End PBXGroup section */

/* Begin PBXNativeTarget section */
		6C7AAAB61EF0F6F60012AF85 /* 团购 */ = {
			isa = PBXNativeTarget;
			buildConfigurationList = 6C7AAAE41EF0F6F60012AF85 /* Build configuration list for PBXNativeTarget "团购" */;
			buildPhases = (
				6C7AAAB31EF0F6F60012AF85 /* Sources */,
				6C7AAAB41EF0F6F60012AF85 /* Frameworks */,
				6C7AAAB51EF0F6F60012AF85 /* Resources */,
			);
			buildRules = (
			);
			dependencies = (
			);
			name = "团购";
			productName = "团购";
			productReference = 6C7AAAB71EF0F6F60012AF85 /* 团购.app */;
			productType = "com.apple.product-type.application";
		};
		6C7AAACF1EF0F6F60012AF85 /* 团购Tests */ = {
			isa = PBXNativeTarget;
			buildConfigurationList = 6C7AAAE71EF0F6F60012AF85 /* Build configuration list for PBXNativeTarget "团购Tests" */;
			buildPhases = (
				6C7AAACC1EF0F6F60012AF85 /* Sources */,
				6C7AAACD1EF0F6F60012AF85 /* Frameworks */,
				6C7AAACE1EF0F6F60012AF85 /* Resources */,
			);
			buildRules = (
			);
			dependencies = (
				6C7AAAD21EF0F6F60012AF85 /* PBXTargetDependency */,
			);
			name = "团购Tests";
			productName = "团购Tests";
			productReference = 6C7AAAD01EF0F6F60012AF85 /* 团购Tests.xctest */;
			productType = "com.apple.product-type.bundle.unit-test";
		};
		6C7AAADA1EF0F6F60012AF85 /* 团购UITests */ = {
			isa = PBXNativeTarget;
			buildConfigurationList = 6C7AAAEA1EF0F6F60012AF85 /* Build configuration list for PBXNativeTarget "团购UITests" */;
			buildPhases = (
				6C7AAAD71EF0F6F60012AF85 /* Sources */,
				6C7AAAD81EF0F6F60012AF85 /* Frameworks */,
				6C7AAAD91EF0F6F60012AF85 /* Resources */,
			);
			buildRules = (
			);
			dependencies = (
				6C7AAADD1EF0F6F60012AF85 /* PBXTargetDependency */,
			);
			name = "团购UITests";
			productName = "团购UITests";
			productReference = 6C7AAADB1EF0F6F60012AF85 /* 团购UITests.xctest */;
			productType = "com.apple.product-type.bundle.ui-testing";
		};
/* End PBXNativeTarget section */

/* Begin PBXProject section */
		6C7AAAAF1EF0F6F60012AF85 /* Project object */ = {
			isa = PBXProject;
			attributes = {
				LastUpgradeCheck = 0700;
				ORGANIZATIONNAME = BJT;
				TargetAttributes = {
					6C7AAAB61EF0F6F60012AF85 = {
						CreatedOnToolsVersion = 7.0;
					};
					6C7AAACF1EF0F6F60012AF85 = {
						CreatedOnToolsVersion = 7.0;
						TestTargetID = 6C7AAAB61EF0F6F60012AF85;
					};
					6C7AAADA1EF0F6F60012AF85 = {
						CreatedOnToolsVersion = 7.0;
						TestTargetID = 6C7AAAB61EF0F6F60012AF85;
					};
				};
			};
			buildConfigurationList = 6C7AAAB21EF0F6F60012AF85 /* Build configuration list for PBXProject "团购" */;
			compatibilityVersion = "Xcode 3.2";
			developmentRegion = English;
			hasScannedForEncodings = 0;
			knownRegions = (
				en,
				Base,
			);
			mainGroup = 6C7AAAAE1EF0F6F60012AF85;
			productRefGroup = 6C7AAAB81EF0F6F60012AF85 /* Products */;
			projectDirPath = "";
			projectRoot = "";
			targets = (
				6C7AAAB61EF0F6F60012AF85 /* 团购 */,
				6C7AAACF1EF0F6F60012AF85 /* 团购Tests */,
				6C7AAADA1EF0F6F60012AF85 /* 团购UITests */,
			);
		};
/* End PBXProject section */

/* Begin PBXResourcesBuildPhase section */
		6C7AAAB51EF0F6F60012AF85 /* Resources */ = {
			isa = PBXResourcesBuildPhase;
			buildActionMask = 2147483647;
			files = (
				6C7AAACA1EF0F6F60012AF85 /* LaunchScreen.storyboard in Resources */,
				6C7AAAC71EF0F6F60012AF85 /* Assets.xcassets in Resources */,
				6C7AAAC51EF0F6F60012AF85 /* Main.storyboard in Resources */,
			);
			runOnlyForDeploymentPostprocessing = 0;
		};
		6C7AAACE1EF0F6F60012AF85 /* Resources */ = {
			isa = PBXResourcesBuildPhase;
			buildActionMask = 2147483647;
			files = (
			);
			runOnlyForDeploymentPostprocessing = 0;
		};
		6C7AAAD91EF0F6F60012AF85 /* Resources */ = {
			isa = PBXResourcesBuildPhase;
			buildActionMask = 2147483647;
			files = (
			);
			runOnlyForDeploymentPostprocessing = 0;
		};
/* End PBXResourcesBuildPhase section */

/* Begin PBXSourcesBuildPhase section */
		6C7AAAB31EF0F6F60012AF85 /* Sources */ = {
			isa = PBXSourcesBuildPhase;
			buildActionMask = 2147483647;
			files = (
				6C7AAAC21EF0F6F60012AF85 /* ViewController.m in Sources */,
				6C7AAABF1EF0F6F60012AF85 /* AppDelegate.m in Sources */,
				6C7AAABC1EF0F6F60012AF85 /* main.m in Sources */,
			);
			runOnlyForDeploymentPostprocessing = 0;
		};
		6C7AAACC1EF0F6F60012AF85 /* Sources */ = {
			isa = PBXSourcesBuildPhase;
			buildActionMask = 2147483647;
			files = (
				6C7AAAD51EF0F6F60012AF85 /* __Tests.m in Sources */,
			);
			runOnlyForDeploymentPostprocessing = 0;
		};
		6C7AAAD71EF0F6F60012AF85 /* Sources */ = {
			isa = PBXSourcesBuildPhase;
			buildActionMask = 2147483647;
			files = (
				6C7AAAE01EF0F6F60012AF85 /* __UITests.m in Sources */,
			);
			runOnlyForDeploymentPostprocessing = 0;
		};
/* End PBXSourcesBuildPhase section */

/* Begin PBXTargetDependency section */
		6C7AAAD21EF0F6F60012AF85 /* PBXTargetDependency */ = {
			isa = PBXTargetDependency;
			target = 6C7AAAB61EF0F6F60012AF85 /* 团购 */;
			targetProxy = 6C7AAAD11EF0F6F60012AF85 /* PBXContainerItemProxy */;
		};
		6C7AAADD1EF0F6F60012AF85 /* PBXTargetDependency */ = {
			isa = PBXTargetDependency;
			target = 6C7AAAB61EF0F6F60012AF85 /* 团购 */;
			targetProxy = 6C7AAADC1EF0F6F60012AF85 /* PBXContainerItemProxy */;
		};
/* End PBXTargetDependency section */

/* Begin PBXVariantGroup section */
		6C7AAAC31EF0F6F60012AF85 /* Main.storyboard */ = {
			isa = PBXVariantGroup;
			children = (
				6C7AAAC41EF0F6F60012AF85 /* Base */,
			);
			name = Main.storyboard;
			sourceTree = "<group>";
		};
		6C7AAAC81EF0F6F60012AF85 /* LaunchScreen.storyboard */ = {
			isa = PBXVariantGroup;
			children = (
				6C7AAAC91EF0F6F60012AF85 /* Base */,
			);
			name = LaunchScreen.storyboard;
			sourceTree = "<group>";
		};
/* End PBXVariantGroup section */

/* Begin XCBuildConfiguration section */
		6C7AAAE21EF0F6F60012AF85 /* Debug */ = {
			isa = XCBuildConfiguration;
			buildSettings = {
				ALWAYS_SEARCH_USER_PATHS = NO;
				CLANG_CXX_LANGUAGE_STANDARD = "gnu++0x";
				CLANG_CXX_LIBRARY = "libc++";
				CLANG_ENABLE_MODULES = YES;
				CLANG_ENABLE_OBJC_ARC = YES;
				CLANG_WARN_BOOL_CONVERSION = YES;
				CLANG_WARN_CONSTANT_CONVERSION = YES;
				CLANG_WARN_DIRECT_OBJC_ISA_USAGE = YES_ERROR;
				CLANG_WARN_EMPTY_BODY = YES;
				CLANG_WARN_ENUM_CONVERSION = YES;
				CLANG_WARN_INT_CONVERSION = YES;
				CLANG_WARN_OBJC_ROOT_CLASS = YES_ERROR;
				CLANG_WARN_UNREACHABLE_CODE = YES;
				CLANG_WARN__DUPLICATE_METHOD_MATCH = YES;
				"CODE_SIGN_IDENTITY[sdk=iphoneos*]" = "iPhone Developer";
				COPY_PHASE_STRIP = NO;
				DEBUG_INFORMATION_FORMAT = dwarf;
				ENABLE_STRICT_OBJC_MSGSEND = YES;
				ENABLE_TESTABILITY = YES;
				GCC_C_LANGUAGE_STANDARD = gnu99;
				GCC_DYNAMIC_NO_PIC = NO;
				GCC_NO_COMMON_BLOCKS = YES;
				GCC_OPTIMIZATION_LEVEL = 0;
				GCC_PREPROCESSOR_DEFINITIONS = (
					"DEBUG=1",
					"$(inherited)",
				);
				GCC_WARN_64_TO_32_BIT_CONVERSION = YES;
				GCC_WARN_ABOUT_RETURN_TYPE = YES_ERROR;
				GCC_WARN_UNDECLARED_SELECTOR = YES;
				GCC_WARN_UNINITIALIZED_AUTOS = YES_AGGRESSIVE;
				GCC_WARN_UNUSED_FUNCTION = YES;
				GCC_WARN_UNUSED_VARIABLE = YES;
				IPHONEOS_DEPLOYMENT_TARGET = 9.0;
				MTL_ENABLE_DEBUG_INFO = YES;
				ONLY_ACTIVE_ARCH = YES;
				SDKROOT = iphoneos;
				TARGETED_DEVICE_FAMILY = 2;
			};
			name = Debug;
		};
		6C7AAAE31EF0F6F60012AF85 /* Release */ = {
			isa = XCBuildConfiguration;
			buildSettings = {
				ALWAYS_SEARCH_USER_PATHS = NO;
				CLANG_CXX_LANGUAGE_STANDARD = "gnu++0x";
				CLANG_CXX_LIBRARY = "libc++";
				CLANG_ENABLE_MODULES = YES;
				CLANG_ENABLE_OBJC_ARC = YES;
				CLANG_WARN_BOOL_CONVERSION = YES;
				CLANG_WARN_CONSTANT_CONVERSION = YES;
				CLANG_WARN_DIRECT_OBJC_ISA_USAGE = YES_ERROR;
				CLANG_WARN_EMPTY_BODY = YES;
				CLANG_WARN_ENUM_CONVERSION = YES;
				CLANG_WARN_INT_CONVERSION = YES;
				CLANG_WARN_OBJC_ROOT_CLASS = YES_ERROR;
				CLANG_WARN_UNREACHABLE_CODE = YES;
				CLANG_WARN__DUPLICATE_METHOD_MATCH = YES;
				"CODE_SIGN_IDENTITY[sdk=iphoneos*]" = "iPhone Developer";
				COPY_PHASE_STRIP = NO;
				DEBUG_INFORMATION_FORMAT = "dwarf-with-dsym";
				ENABLE_NS_ASSERTIONS = NO;
				ENABLE_STRICT_OBJC_MSGSEND = YES;
				GCC_C_LANGUAGE_STANDARD = gnu99;
				GCC_NO_COMMON_BLOCKS = YES;
				GCC_WARN_64_TO_32_BIT_CONVERSION = YES;
				GCC_WARN_ABOUT_RETURN_TYPE = YES_ERROR;
				GCC_WARN_UNDECLARED_SELECTOR = YES;
				GCC_WARN_UNINITIALIZED_AUTOS = YES_AGGRESSIVE;
				GCC_WARN_UNUSED_FUNCTION = YES;
				GCC_WARN_UNUSED_VARIABLE = YES;
				IPHONEOS_DEPLOYMENT_TARGET = 9.0;
				MTL_ENABLE_DEBUG_INFO = NO;
				SDKROOT = iphoneos;
				TARGETED_DEVICE_FAMILY = 2;
				VALIDATE_PRODUCT = YES;
			};
			name = Release;
		};
		6C7AAAE51EF0F6F60012AF85 /* Debug */ = {
			isa = XCBuildConfiguration;
			buildSettings = {
				ASSETCATALOG_COMPILER_APPICON_NAME = AppIcon;
				INFOPLIST_FILE = "团购/Info.plist";
				IPHONEOS_DEPLOYMENT_TARGET = 8.0;
				LD_RUNPATH_SEARCH_PATHS = "$(inherited) @executable_path/Frameworks";
				PRODUCT_BUNDLE_IDENTIFIER = "com.BJT.--";
				PRODUCT_NAME = "$(TARGET_NAME)";
			};
			name = Debug;
		};
		6C7AAAE61EF0F6F60012AF85 /* Release */ = {
			isa = XCBuildConfiguration;
			buildSettings = {
				ASSETCATALOG_COMPILER_APPICON_NAME = AppIcon;
				INFOPLIST_FILE = "团购/Info.plist";
				IPHONEOS_DEPLOYMENT_TARGET = 8.0;
				LD_RUNPATH_SEARCH_PATHS = "$(inherited) @executable_path/Frameworks";
				PRODUCT_BUNDLE_IDENTIFIER = "com.BJT.--";
				PRODUCT_NAME = "$(TARGET_NAME)";
			};
			name = Release;
		};
		6C7AAAE81EF0F6F60012AF85 /* Debug */ = {
			isa = XCBuildConfiguration;
			buildSettings = {
				BUNDLE_LOADER = "$(TEST_HOST)";
				INFOPLIST_FILE = "团购Tests/Info.plist";
				LD_RUNPATH_SEARCH_PATHS = "$(inherited) @executable_path/Frameworks @loader_path/Frameworks";
				PRODUCT_BUNDLE_IDENTIFIER = "com.BJT.--Tests";
				PRODUCT_NAME = "$(TARGET_NAME)";
				TEST_HOST = "$(BUILT_PRODUCTS_DIR)/团购.app/团购";
			};
			name = Debug;
		};
		6C7AAAE91EF0F6F60012AF85 /* Release */ = {
			isa = XCBuildConfiguration;
			buildSettings = {
				BUNDLE_LOADER = "$(TEST_HOST)";
				INFOPLIST_FILE = "团购Tests/Info.plist";
				LD_RUNPATH_SEARCH_PATHS = "$(inherited) @executable_path/Frameworks @loader_path/Frameworks";
				PRODUCT_BUNDLE_IDENTIFIER = "com.BJT.--Tests";
				PRODUCT_NAME = "$(TARGET_NAME)";
				TEST_HOST = "$(BUILT_PRODUCTS_DIR)/团购.app/团购";
			};
			name = Release;
		};
		6C7AAAEB1EF0F6F60012AF85 /* Debug */ = {
			isa = XCBuildConfiguration;
			buildSettings = {
				INFOPLIST_FILE = "团购UITests/Info.plist";
				LD_RUNPATH_SEARCH_PATHS = "$(inherited) @executable_path/Frameworks @loader_path/Frameworks";
				PRODUCT_BUNDLE_IDENTIFIER = "com.BJT.--UITests";
				PRODUCT_NAME = "$(TARGET_NAME)";
				TEST_TARGET_NAME = "团购";
				USES_XCTRUNNER = YES;
			};
			name = Debug;
		};
		6C7AAAEC1EF0F6F60012AF85 /* Release */ = {
			isa = XCBuildConfiguration;
			buildSettings = {
				INFOPLIST_FILE = "团购UITests/Info.plist";
				LD_RUNPATH_SEARCH_PATHS = "$(inherited) @executable_path/Frameworks @loader_path/Frameworks";
				PRODUCT_BUNDLE_IDENTIFIER = "com.BJT.--UITests";
				PRODUCT_NAME = "$(TARGET_NAME)";
				TEST_TARGET_NAME = "团购";
				USES_XCTRUNNER = YES;
			};
			name = Release;
		};
/* End XCBuildConfiguration section */

/* Begin XCConfigurationList section */
		6C7AAAB21EF0F6F60012AF85 /* Build configuration list for PBXProject "团购" */ = {
			isa = XCConfigurationList;
			buildConfigurations = (
				6C7AAAE21EF0F6F60012AF85 /* Debug */,
				6C7AAAE31EF0F6F60012AF85 /* Release */,
			);
			defaultConfigurationIsVisible = 0;
			defaultConfigurationName = Release;
		};
		6C7AAAE41EF0F6F60012AF85 /* Build configuration list for PBXNativeTarget "团购" */ = {
			isa = XCConfigurationList;
			buildConfigurations = (
				6C7AAAE51EF0F6F60012AF85 /* Debug */,
				6C7AAAE61EF0F6F60012AF85 /* Release */,
			);
			defaultConfigurationIsVisible = 0;
		};
		6C7AAAE71EF0F6F60012AF85 /* Build configuration list for PBXNativeTarget "团购Tests" */ = {
			isa = XCConfigurationList;
			buildConfigurations = (
				6C7AAAE81EF0F6F60012AF85 /* Debug */,
				6C7AAAE91EF0F6F60012AF85 /* Release */,
			);
			defaultConfigurationIsVisible = 0;
		};
		6C7AAAEA1EF0F6F60012AF85 /* Build configuration list for PBXNativeTarget "团购UITests" */ = {
			isa = XCConfigurationList;
			buildConfigurations = (
				6C7AAAEB1EF0F6F60012AF85 /* Debug */,
				6C7AAAEC1EF0F6F60012AF85 /* Release */,
			);
			defaultConfigurationIsVisible = 0;
		};
/* End XCConfigurationList section */
	};
	rootObject = 6C7AAAAF1EF0F6F60012AF85 /* Project object */;
}
