// !$*UTF8*$!
{
	archiveVersion = 1;
	classes = {
	};
	objectVersion = 46;
	objects = {

/* Begin PBXBuildFile section */
		6C03454B1EFB848C0088768B /* TGDealCell.m in Sources */ = {isa = PBXBuildFile; fileRef = 6C0345491EFB848C0088768B /* TGDealCell.m */; settings = {ASSET_TAGS = (); }; };
		6C03454C1EFB848C0088768B /* TGDealCell.xib in Resources */ = {isa = PBXBuildFile; fileRef = 6C03454A1EFB848C0088768B /* TGDealCell.xib */; settings = {ASSET_TAGS = (); }; };
		6C03454F1EFB86290088768B /* TGDeal.m in Sources */ = {isa = PBXBuildFile; fileRef = 6C03454E1EFB86290088768B /* TGDeal.m */; settings = {ASSET_TAGS = (); }; };
		6C0345721EFB87630088768B /* MKAnnotationView+WebCache.m in Sources */ = {isa = PBXBuildFile; fileRef = 6C0345521EFB87630088768B /* MKAnnotationView+WebCache.m */; settings = {ASSET_TAGS = (); }; };
		6C0345731EFB87630088768B /* NSData+ImageContentType.m in Sources */ = {isa = PBXBuildFile; fileRef = 6C0345541EFB87630088768B /* NSData+ImageContentType.m */; settings = {ASSET_TAGS = (); }; };
		6C0345741EFB87630088768B /* SDImageCache.m in Sources */ = {isa = PBXBuildFile; fileRef = 6C0345561EFB87630088768B /* SDImageCache.m */; settings = {ASSET_TAGS = (); }; };
		6C0345751EFB87630088768B /* SDWebImageCompat.m in Sources */ = {isa = PBXBuildFile; fileRef = 6C0345581EFB87630088768B /* SDWebImageCompat.m */; settings = {ASSET_TAGS = (); }; };
		6C0345761EFB87630088768B /* SDWebImageDecoder.m in Sources */ = {isa = PBXBuildFile; fileRef = 6C03455A1EFB87630088768B /* SDWebImageDecoder.m */; settings = {ASSET_TAGS = (); }; };
		6C0345771EFB87630088768B /* SDWebImageDownloader.m in Sources */ = {isa = PBXBuildFile; fileRef = 6C03455C1EFB87630088768B /* SDWebImageDownloader.m */; settings = {ASSET_TAGS = (); }; };
		6C0345781EFB87630088768B /* SDWebImageDownloaderOperation.m in Sources */ = {isa = PBXBuildFile; fileRef = 6C03455E1EFB87630088768B /* SDWebImageDownloaderOperation.m */; settings = {ASSET_TAGS = (); }; };
		6C0345791EFB87630088768B /* SDWebImageManager.m in Sources */ = {isa = PBXBuildFile; fileRef = 6C0345601EFB87630088768B /* SDWebImageManager.m */; settings = {ASSET_TAGS = (); }; };
		6C03457A1EFB87630088768B /* SDWebImagePrefetcher.m in Sources */ = {isa = PBXBuildFile; fileRef = 6C0345631EFB87630088768B /* SDWebImagePrefetcher.m */; settings = {ASSET_TAGS = (); }; };
		6C03457B1EFB87630088768B /* UIButton+WebCache.m in Sources */ = {isa = PBXBuildFile; fileRef = 6C0345651EFB87630088768B /* UIButton+WebCache.m */; settings = {ASSET_TAGS = (); }; };
		6C03457C1EFB87630088768B /* UIImage+GIF.m in Sources */ = {isa = PBXBuildFile; fileRef = 6C0345671EFB87630088768B /* UIImage+GIF.m */; settings = {ASSET_TAGS = (); }; };
		6C03457D1EFB87630088768B /* UIImage+MultiFormat.m in Sources */ = {isa = PBXBuildFile; fileRef = 6C0345691EFB87630088768B /* UIImage+MultiFormat.m */; settings = {ASSET_TAGS = (); }; };
		6C03457E1EFB87630088768B /* UIImage+WebP.m in Sources */ = {isa = PBXBuildFile; fileRef = 6C03456B1EFB87630088768B /* UIImage+WebP.m */; settings = {ASSET_TAGS = (); }; };
		6C03457F1EFB87630088768B /* UIImageView+HighlightedWebCache.m in Sources */ = {isa = PBXBuildFile; fileRef = 6C03456D1EFB87630088768B /* UIImageView+HighlightedWebCache.m */; settings = {ASSET_TAGS = (); }; };
		6C0345801EFB87630088768B /* UIImageView+WebCache.m in Sources */ = {isa = PBXBuildFile; fileRef = 6C03456F1EFB87630088768B /* UIImageView+WebCache.m */; settings = {ASSET_TAGS = (); }; };
		6C0345811EFB87630088768B /* UIView+WebCacheOperation.m in Sources */ = {isa = PBXBuildFile; fileRef = 6C0345711EFB87630088768B /* UIView+WebCacheOperation.m */; settings = {ASSET_TAGS = (); }; };
		6C0345931EFBA4700088768B /* MJRefresh.bundle in Resources */ = {isa = PBXBuildFile; fileRef = 6C0345831EFBA4700088768B /* MJRefresh.bundle */; settings = {ASSET_TAGS = (); }; };
		6C0345941EFBA4700088768B /* MJRefreshBaseView.m in Sources */ = {isa = PBXBuildFile; fileRef = 6C0345861EFBA4700088768B /* MJRefreshBaseView.m */; settings = {ASSET_TAGS = (); }; };
		6C0345951EFBA4700088768B /* MJRefreshConst.m in Sources */ = {isa = PBXBuildFile; fileRef = 6C0345881EFBA4700088768B /* MJRefreshConst.m */; settings = {ASSET_TAGS = (); }; };
		6C0345961EFBA4700088768B /* MJRefreshFooterView.m in Sources */ = {isa = PBXBuildFile; fileRef = 6C03458A1EFBA4700088768B /* MJRefreshFooterView.m */; settings = {ASSET_TAGS = (); }; };
		6C0345971EFBA4700088768B /* MJRefreshHeaderView.m in Sources */ = {isa = PBXBuildFile; fileRef = 6C03458C1EFBA4700088768B /* MJRefreshHeaderView.m */; settings = {ASSET_TAGS = (); }; };
		6C0345981EFBA4700088768B /* UIScrollView+MJExtension.m in Sources */ = {isa = PBXBuildFile; fileRef = 6C03458E1EFBA4700088768B /* UIScrollView+MJExtension.m */; settings = {ASSET_TAGS = (); }; };
		6C0345991EFBA4700088768B /* UIScrollView+MJRefresh.m in Sources */ = {isa = PBXBuildFile; fileRef = 6C0345901EFBA4700088768B /* UIScrollView+MJRefresh.m */; settings = {ASSET_TAGS = (); }; };
		6C03459A1EFBA4700088768B /* UIView+MJExtension.m in Sources */ = {isa = PBXBuildFile; fileRef = 6C0345921EFBA4700088768B /* UIView+MJExtension.m */; settings = {ASSET_TAGS = (); }; };
		6C7AAB061EF0F86E0012AF85 /* Assets.xcassets in Resources */ = {isa = PBXBuildFile; fileRef = 6C7AAB051EF0F86E0012AF85 /* Assets.xcassets */; };
		6C7AAB141EF0F86E0012AF85 /* __HDTests.m in Sources */ = {isa = PBXBuildFile; fileRef = 6C7AAB131EF0F86E0012AF85 /* __HDTests.m */; };
		6C7AAB1F1EF0F86E0012AF85 /* __HDUITests.m in Sources */ = {isa = PBXBuildFile; fileRef = 6C7AAB1E1EF0F86E0012AF85 /* __HDUITests.m */; };
		6C7AAB3A1EF120020012AF85 /* AppDelegate.m in Sources */ = {isa = PBXBuildFile; fileRef = 6C7AAB371EF120020012AF85 /* AppDelegate.m */; settings = {ASSET_TAGS = (); }; };
		6C7AAB3B1EF120020012AF85 /* main.m in Sources */ = {isa = PBXBuildFile; fileRef = 6C7AAB381EF120020012AF85 /* main.m */; settings = {ASSET_TAGS = (); }; };
		6C7AAB411EF120B50012AF85 /* categories.plist in Resources */ = {isa = PBXBuildFile; fileRef = 6C7AAB3D1EF120B50012AF85 /* categories.plist */; settings = {ASSET_TAGS = (); }; };
		6C7AAB421EF120B50012AF85 /* cities.plist in Resources */ = {isa = PBXBuildFile; fileRef = 6C7AAB3E1EF120B50012AF85 /* cities.plist */; settings = {ASSET_TAGS = (); }; };
		6C7AAB431EF120B50012AF85 /* cityGroups.plist in Resources */ = {isa = PBXBuildFile; fileRef = 6C7AAB3F1EF120B50012AF85 /* cityGroups.plist */; settings = {ASSET_TAGS = (); }; };
		6C7AAB441EF120B50012AF85 /* sorts.plist in Resources */ = {isa = PBXBuildFile; fileRef = 6C7AAB401EF120B50012AF85 /* sorts.plist */; settings = {ASSET_TAGS = (); }; };
		6C7AAB471EF123F30012AF85 /* TGNavigationController.m in Sources */ = {isa = PBXBuildFile; fileRef = 6C7AAB461EF123F30012AF85 /* TGNavigationController.m */; settings = {ASSET_TAGS = (); }; };
		6C7AAB4A1EF124160012AF85 /* TGHomeViewController.m in Sources */ = {isa = PBXBuildFile; fileRef = 6C7AAB491EF124160012AF85 /* TGHomeViewController.m */; settings = {ASSET_TAGS = (); }; };
		6C7AAB4D1EF124410012AF85 /* TGConst.m in Sources */ = {isa = PBXBuildFile; fileRef = 6C7AAB4C1EF124410012AF85 /* TGConst.m */; settings = {ASSET_TAGS = (); }; };
		6C7AAB501EF12C6A0012AF85 /* UIBarButtonItem+Extension.m in Sources */ = {isa = PBXBuildFile; fileRef = 6C7AAB4F1EF12C6A0012AF85 /* UIBarButtonItem+Extension.m */; settings = {ASSET_TAGS = (); }; };
		6C7AAB531EF130DF0012AF85 /* UIView+Extension.m in Sources */ = {isa = PBXBuildFile; fileRef = 6C7AAB521EF130DF0012AF85 /* UIView+Extension.m */; settings = {ASSET_TAGS = (); }; };
		6C7AAB561EF1346F0012AF85 /* TGHomeTopItem.m in Sources */ = {isa = PBXBuildFile; fileRef = 6C7AAB551EF1346F0012AF85 /* TGHomeTopItem.m */; settings = {ASSET_TAGS = (); }; };
		6C7AAB581EF134820012AF85 /* TGHomeTopItem.xib in Resources */ = {isa = PBXBuildFile; fileRef = 6C7AAB571EF134820012AF85 /* TGHomeTopItem.xib */; settings = {ASSET_TAGS = (); }; };
		6C7AAB5B1EF379A00012AF85 /* TGCategoryViewController.m in Sources */ = {isa = PBXBuildFile; fileRef = 6C7AAB5A1EF379A00012AF85 /* TGCategoryViewController.m */; settings = {ASSET_TAGS = (); }; };
		6C7AAB5E1EF37A200012AF85 /* TGHomeDropDownMenu.m in Sources */ = {isa = PBXBuildFile; fileRef = 6C7AAB5D1EF37A200012AF85 /* TGHomeDropDownMenu.m */; settings = {ASSET_TAGS = (); }; };
		6C7AAB601EF37A2D0012AF85 /* TGHomeDropDownMenu.xib in Resources */ = {isa = PBXBuildFile; fileRef = 6C7AAB5F1EF37A2D0012AF85 /* TGHomeDropDownMenu.xib */; settings = {ASSET_TAGS = (); }; };
		6C7AAB681EF3BCF70012AF85 /* TGCategory.m in Sources */ = {isa = PBXBuildFile; fileRef = 6C7AAB671EF3BCF70012AF85 /* TGCategory.m */; settings = {ASSET_TAGS = (); }; };
		6C7AABB41EF3BF460012AF85 /* MJConst.m in Sources */ = {isa = PBXBuildFile; fileRef = 6C7AABA61EF3BF460012AF85 /* MJConst.m */; settings = {ASSET_TAGS = (); }; };
		6C7AABB51EF3BF460012AF85 /* MJFoundation.m in Sources */ = {isa = PBXBuildFile; fileRef = 6C7AABA91EF3BF460012AF85 /* MJFoundation.m */; settings = {ASSET_TAGS = (); }; };
		6C7AABB61EF3BF460012AF85 /* MJIvar.m in Sources */ = {isa = PBXBuildFile; fileRef = 6C7AABAB1EF3BF460012AF85 /* MJIvar.m */; settings = {ASSET_TAGS = (); }; };
		6C7AABB71EF3BF460012AF85 /* MJType.m in Sources */ = {isa = PBXBuildFile; fileRef = 6C7AABAD1EF3BF460012AF85 /* MJType.m */; settings = {ASSET_TAGS = (); }; };
		6C7AABB81EF3BF460012AF85 /* NSObject+MJCoding.m in Sources */ = {isa = PBXBuildFile; fileRef = 6C7AABAF1EF3BF460012AF85 /* NSObject+MJCoding.m */; settings = {ASSET_TAGS = (); }; };
		6C7AABB91EF3BF460012AF85 /* NSObject+MJIvar.m in Sources */ = {isa = PBXBuildFile; fileRef = 6C7AABB11EF3BF460012AF85 /* NSObject+MJIvar.m */; settings = {ASSET_TAGS = (); }; };
		6C7AABBA1EF3BF460012AF85 /* NSObject+MJKeyValue.m in Sources */ = {isa = PBXBuildFile; fileRef = 6C7AABB31EF3BF460012AF85 /* NSObject+MJKeyValue.m */; settings = {ASSET_TAGS = (); }; };
		6C7AABBD1EF3C2B90012AF85 /* TGHomeDropDownMainCell.m in Sources */ = {isa = PBXBuildFile; fileRef = 6C7AABBC1EF3C2B90012AF85 /* TGHomeDropDownMainCell.m */; settings = {ASSET_TAGS = (); }; };
		6C7AABC01EF3C2C70012AF85 /* TGHomeDropDownSubCell.m in Sources */ = {isa = PBXBuildFile; fileRef = 6C7AABBF1EF3C2C70012AF85 /* TGHomeDropDownSubCell.m */; settings = {ASSET_TAGS = (); }; };
		6C7AABC91EF3CC8C0012AF85 /* TGDistrictViewController.m in Sources */ = {isa = PBXBuildFile; fileRef = 6C7AABC71EF3CC8C0012AF85 /* TGDistrictViewController.m */; settings = {ASSET_TAGS = (); }; };
		6C7AABCA1EF3CC8C0012AF85 /* TGDistrictViewController.xib in Resources */ = {isa = PBXBuildFile; fileRef = 6C7AABC81EF3CC8C0012AF85 /* TGDistrictViewController.xib */; settings = {ASSET_TAGS = (); }; };
		6C7AABCE1EF3D50E0012AF85 /* TGCityViewController.m in Sources */ = {isa = PBXBuildFile; fileRef = 6C7AABCC1EF3D50E0012AF85 /* TGCityViewController.m */; settings = {ASSET_TAGS = (); }; };
		6C7AABCF1EF3D50E0012AF85 /* TGCityViewController.xib in Resources */ = {isa = PBXBuildFile; fileRef = 6C7AABCD1EF3D50E0012AF85 /* TGCityViewController.xib */; settings = {ASSET_TAGS = (); }; };
		6C7AABD21EF3F9E60012AF85 /* TGCityGroup.m in Sources */ = {isa = PBXBuildFile; fileRef = 6C7AABD11EF3F9E60012AF85 /* TGCityGroup.m */; settings = {ASSET_TAGS = (); }; };
		6C7AABD51EF4E58D0012AF85 /* TGCitySearchResultController.m in Sources */ = {isa = PBXBuildFile; fileRef = 6C7AABD41EF4E58D0012AF85 /* TGCitySearchResultController.m */; settings = {ASSET_TAGS = (); }; };
		6C7AABD81EF4E8790012AF85 /* UIView+AutoLayout.m in Sources */ = {isa = PBXBuildFile; fileRef = 6C7AABD71EF4E8790012AF85 /* UIView+AutoLayout.m */; settings = {ASSET_TAGS = (); }; };
		6C7AABDB1EF4EC080012AF85 /* TGCity.m in Sources */ = {isa = PBXBuildFile; fileRef = 6C7AABDA1EF4EC080012AF85 /* TGCity.m */; settings = {ASSET_TAGS = (); }; };
		6C7AABDE1EF4EC150012AF85 /* TGRegion.m in Sources */ = {isa = PBXBuildFile; fileRef = 6C7AABDD1EF4EC150012AF85 /* TGRegion.m */; settings = {ASSET_TAGS = (); }; };
		6C7AABE21EF663000012AF85 /* TGMetaTool.m in Sources */ = {isa = PBXBuildFile; fileRef = 6C7AABE11EF663000012AF85 /* TGMetaTool.m */; settings = {ASSET_TAGS = (); }; };
		6C7AABE51EF76EDE0012AF85 /* TGSortViewController.m in Sources */ = {isa = PBXBuildFile; fileRef = 6C7AABE41EF76EDE0012AF85 /* TGSortViewController.m */; settings = {ASSET_TAGS = (); }; };
		6C7AABE81EF770FB0012AF85 /* TGSort.m in Sources */ = {isa = PBXBuildFile; fileRef = 6C7AABE71EF770FB0012AF85 /* TGSort.m */; settings = {ASSET_TAGS = (); }; };
		6C7AABEF1EF91CD50012AF85 /* DPAPI.m in Sources */ = {isa = PBXBuildFile; fileRef = 6C7AABEB1EF91CD50012AF85 /* DPAPI.m */; settings = {ASSET_TAGS = (); }; };
		6C7AABF01EF91CD50012AF85 /* DPRequest.m in Sources */ = {isa = PBXBuildFile; fileRef = 6C7AABEE1EF91CD50012AF85 /* DPRequest.m */; settings = {ASSET_TAGS = (); }; };
		6C7AABF21EFA34BD0012AF85 /* Foundation+Log.m in Sources */ = {isa = PBXBuildFile; fileRef = 6C7AABF11EFA34BD0012AF85 /* Foundation+Log.m */; settings = {ASSET_TAGS = (); }; };
		6CFBFD961EFBD2F2004F5EEF /* MBProgressHUD+MJ.m in Sources */ = {isa = PBXBuildFile; fileRef = 6CFBFD921EFBD2F2004F5EEF /* MBProgressHUD+MJ.m */; settings = {ASSET_TAGS = (); }; };
		6CFBFD971EFBD2F2004F5EEF /* MBProgressHUD.bundle in Resources */ = {isa = PBXBuildFile; fileRef = 6CFBFD931EFBD2F2004F5EEF /* MBProgressHUD.bundle */; settings = {ASSET_TAGS = (); }; };
		6CFBFD981EFBD2F2004F5EEF /* MBProgressHUD.m in Sources */ = {isa = PBXBuildFile; fileRef = 6CFBFD951EFBD2F2004F5EEF /* MBProgressHUD.m */; settings = {ASSET_TAGS = (); }; };
		6CFBFD9F1EFCEF7B004F5EEF /* TGSearchController.m in Sources */ = {isa = PBXBuildFile; fileRef = 6CFBFD9E1EFCEF7B004F5EEF /* TGSearchController.m */; settings = {ASSET_TAGS = (); }; };
		6CFBFDA21EFCFBE3004F5EEF /* TGCenterLineLabel.m in Sources */ = {isa = PBXBuildFile; fileRef = 6CFBFDA11EFCFBE3004F5EEF /* TGCenterLineLabel.m */; settings = {ASSET_TAGS = (); }; };
		6CFBFDA51EFCFF5C004F5EEF /* TGDealViewController.m in Sources */ = {isa = PBXBuildFile; fileRef = 6CFBFDA41EFCFF5C004F5EEF /* TGDealViewController.m */; settings = {ASSET_TAGS = (); }; };
		6CFBFDAB1EFD5744004F5EEF /* AwesomeMenu.m in Sources */ = {isa = PBXBuildFile; fileRef = 6CFBFDA81EFD5744004F5EEF /* AwesomeMenu.m */; settings = {ASSET_TAGS = (); }; };
		6CFBFDAC1EFD5744004F5EEF /* AwesomeMenuItem.m in Sources */ = {isa = PBXBuildFile; fileRef = 6CFBFDAA1EFD5744004F5EEF /* AwesomeMenuItem.m */; settings = {ASSET_TAGS = (); }; };
		6CFBFDB31EFD6310004F5EEF /* TGCollecController.m in Sources */ = {isa = PBXBuildFile; fileRef = 6CFBFDB21EFD6310004F5EEF /* TGCollecController.m */; settings = {ASSET_TAGS = (); }; };
		6CFBFDB61EFD6328004F5EEF /* TGScanHistoryController.m in Sources */ = {isa = PBXBuildFile; fileRef = 6CFBFDB51EFD6328004F5EEF /* TGScanHistoryController.m */; settings = {ASSET_TAGS = (); }; };
		6CFBFDBC1EFE5649004F5EEF /* TGDealDetailViewController.m in Sources */ = {isa = PBXBuildFile; fileRef = 6CFBFDBA1EFE5649004F5EEF /* TGDealDetailViewController.m */; settings = {ASSET_TAGS = (); }; };
		6CFBFDBD1EFE5649004F5EEF /* TGDealDetailViewController.xib in Resources */ = {isa = PBXBuildFile; fileRef = 6CFBFDBB1EFE5649004F5EEF /* TGDealDetailViewController.xib */; settings = {ASSET_TAGS = (); }; };
		6CFBFDBF1EFE6452004F5EEF /* html.html in Resources */ = {isa = PBXBuildFile; fileRef = 6CFBFDBE1EFE6452004F5EEF /* html.html */; settings = {ASSET_TAGS = (); }; };
		6CFBFDC51EFF9240004F5EEF /* TGDealRestrictions.m in Sources */ = {isa = PBXBuildFile; fileRef = 6CFBFDC41EFF9240004F5EEF /* TGDealRestrictions.m */; settings = {ASSET_TAGS = (); }; };
		6CFBFDC91EFFFE54004F5EEF /* TGDealTool.m in Sources */ = {isa = PBXBuildFile; fileRef = 6CFBFDC81EFFFE54004F5EEF /* TGDealTool.m */; settings = {ASSET_TAGS = (); }; };
		6CFBFDD61F000084004F5EEF /* FMDatabase.m in Sources */ = {isa = PBXBuildFile; fileRef = 6CFBFDCC1F000084004F5EEF /* FMDatabase.m */; settings = {ASSET_TAGS = (); }; };
		6CFBFDD71F000084004F5EEF /* FMDatabaseAdditions.m in Sources */ = {isa = PBXBuildFile; fileRef = 6CFBFDCE1F000084004F5EEF /* FMDatabaseAdditions.m */; settings = {ASSET_TAGS = (); }; };
		6CFBFDD81F000084004F5EEF /* FMDatabasePool.m in Sources */ = {isa = PBXBuildFile; fileRef = 6CFBFDD01F000084004F5EEF /* FMDatabasePool.m */; settings = {ASSET_TAGS = (); }; };
		6CFBFDD91F000084004F5EEF /* FMDatabaseQueue.m in Sources */ = {isa = PBXBuildFile; fileRef = 6CFBFDD21F000084004F5EEF /* FMDatabaseQueue.m */; settings = {ASSET_TAGS = (); }; };
		6CFBFDDA1F000084004F5EEF /* FMResultSet.m in Sources */ = {isa = PBXBuildFile; fileRef = 6CFBFDD51F000084004F5EEF /* FMResultSet.m */; settings = {ASSET_TAGS = (); }; };
		6CFBFDDC1F00E3A6004F5EEF /* libsqlite3.tbd in Frameworks */ = {isa = PBXBuildFile; fileRef = 6CFBFDDB1F00E3A6004F5EEF /* libsqlite3.tbd */; };
		6CFBFDE51F02845B004F5EEF /* TGMapViewController.m in Sources */ = {isa = PBXBuildFile; fileRef = 6CFBFDE31F02845B004F5EEF /* TGMapViewController.m */; settings = {ASSET_TAGS = (); }; };
		6CFBFDE61F02845B004F5EEF /* TGMapViewController.xib in Resources */ = {isa = PBXBuildFile; fileRef = 6CFBFDE41F02845B004F5EEF /* TGMapViewController.xib */; settings = {ASSET_TAGS = (); }; };
		6CFBFDE91F034C2B004F5EEF /* TGBusiness.m in Sources */ = {isa = PBXBuildFile; fileRef = 6CFBFDE81F034C2B004F5EEF /* TGBusiness.m */; settings = {ASSET_TAGS = (); }; };
		6CFBFDED1F0350A4004F5EEF /* TGDealAnnotation.m in Sources */ = {isa = PBXBuildFile; fileRef = 6CFBFDEC1F0350A4004F5EEF /* TGDealAnnotation.m */; settings = {ASSET_TAGS = (); }; };
/* End PBXBuildFile section */

/* Begin PBXContainerItemProxy section */
		6C7AAB101EF0F86E0012AF85 /* PBXContainerItemProxy */ = {
			isa = PBXContainerItemProxy;
			containerPortal = 6C7AAAEE1EF0F86E0012AF85 /* Project object */;
			proxyType = 1;
			remoteGlobalIDString = 6C7AAAF51EF0F86E0012AF85;
			remoteInfo = "团购HD";
		};
		6C7AAB1B1EF0F86E0012AF85 /* PBXContainerItemProxy */ = {
			isa = PBXContainerItemProxy;
			containerPortal = 6C7AAAEE1EF0F86E0012AF85 /* Project object */;
			proxyType = 1;
			remoteGlobalIDString = 6C7AAAF51EF0F86E0012AF85;
			remoteInfo = "团购HD";
		};
/* End PBXContainerItemProxy section */

/* Begin PBXFileReference section */
		6C0345481EFB848C0088768B /* TGDealCell.h */ = {isa = PBXFileReference; fileEncoding = 4; lastKnownFileType = sourcecode.c.h; path = TGDealCell.h; sourceTree = "<group>"; };
		6C0345491EFB848C0088768B /* TGDealCell.m */ = {isa = PBXFileReference; fileEncoding = 4; lastKnownFileType = sourcecode.c.objc; path = TGDealCell.m; sourceTree = "<group>"; };
		6C03454A1EFB848C0088768B /* TGDealCell.xib */ = {isa = PBXFileReference; fileEncoding = 4; lastKnownFileType = file.xib; path = TGDealCell.xib; sourceTree = "<group>"; };
		6C03454D1EFB86290088768B /* TGDeal.h */ = {isa = PBXFileReference; fileEncoding = 4; lastKnownFileType = sourcecode.c.h; path = TGDeal.h; sourceTree = "<group>"; };
		6C03454E1EFB86290088768B /* TGDeal.m */ = {isa = PBXFileReference; fileEncoding = 4; lastKnownFileType = sourcecode.c.objc; path = TGDeal.m; sourceTree = "<group>"; };
		6C0345511EFB87630088768B /* MKAnnotationView+WebCache.h */ = {isa = PBXFileReference; fileEncoding = 4; lastKnownFileType = sourcecode.c.h; path = "MKAnnotationView+WebCache.h"; sourceTree = "<group>"; };
		6C0345521EFB87630088768B /* MKAnnotationView+WebCache.m */ = {isa = PBXFileReference; fileEncoding = 4; lastKnownFileType = sourcecode.c.objc; path = "MKAnnotationView+WebCache.m"; sourceTree = "<group>"; };
		6C0345531EFB87630088768B /* NSData+ImageContentType.h */ = {isa = PBXFileReference; fileEncoding = 4; lastKnownFileType = sourcecode.c.h; path = "NSData+ImageContentType.h"; sourceTree = "<group>"; };
		6C0345541EFB87630088768B /* NSData+ImageContentType.m */ = {isa = PBXFileReference; fileEncoding = 4; lastKnownFileType = sourcecode.c.objc; path = "NSData+ImageContentType.m"; sourceTree = "<group>"; };
		6C0345551EFB87630088768B /* SDImageCache.h */ = {isa = PBXFileReference; fileEncoding = 4; lastKnownFileType = sourcecode.c.h; path = SDImageCache.h; sourceTree = "<group>"; };
		6C0345561EFB87630088768B /* SDImageCache.m */ = {isa = PBXFileReference; fileEncoding = 4; lastKnownFileType = sourcecode.c.objc; path = SDImageCache.m; sourceTree = "<group>"; };
		6C0345571EFB87630088768B /* SDWebImageCompat.h */ = {isa = PBXFileReference; fileEncoding = 4; lastKnownFileType = sourcecode.c.h; path = SDWebImageCompat.h; sourceTree = "<group>"; };
		6C0345581EFB87630088768B /* SDWebImageCompat.m */ = {isa = PBXFileReference; fileEncoding = 4; lastKnownFileType = sourcecode.c.objc; path = SDWebImageCompat.m; sourceTree = "<group>"; };
		6C0345591EFB87630088768B /* SDWebImageDecoder.h */ = {isa = PBXFileReference; fileEncoding = 4; lastKnownFileType = sourcecode.c.h; path = SDWebImageDecoder.h; sourceTree = "<group>"; };
		6C03455A1EFB87630088768B /* SDWebImageDecoder.m */ = {isa = PBXFileReference; fileEncoding = 4; lastKnownFileType = sourcecode.c.objc; path = SDWebImageDecoder.m; sourceTree = "<group>"; };
		6C03455B1EFB87630088768B /* SDWebImageDownloader.h */ = {isa = PBXFileReference; fileEncoding = 4; lastKnownFileType = sourcecode.c.h; path = SDWebImageDownloader.h; sourceTree = "<group>"; };
		6C03455C1EFB87630088768B /* SDWebImageDownloader.m */ = {isa = PBXFileReference; fileEncoding = 4; lastKnownFileType = sourcecode.c.objc; path = SDWebImageDownloader.m; sourceTree = "<group>"; };
		6C03455D1EFB87630088768B /* SDWebImageDownloaderOperation.h */ = {isa = PBXFileReference; fileEncoding = 4; lastKnownFileType = sourcecode.c.h; path = SDWebImageDownloaderOperation.h; sourceTree = "<group>"; };
		6C03455E1EFB87630088768B /* SDWebImageDownloaderOperation.m */ = {isa = PBXFileReference; fileEncoding = 4; lastKnownFileType = sourcecode.c.objc; path = SDWebImageDownloaderOperation.m; sourceTree = "<group>"; };
		6C03455F1EFB87630088768B /* SDWebImageManager.h */ = {isa = PBXFileReference; fileEncoding = 4; lastKnownFileType = sourcecode.c.h; path = SDWebImageManager.h; sourceTree = "<group>"; };
		6C0345601EFB87630088768B /* SDWebImageManager.m */ = {isa = PBXFileReference; fileEncoding = 4; lastKnownFileType = sourcecode.c.objc; path = SDWebImageManager.m; sourceTree = "<group>"; };
		6C0345611EFB87630088768B /* SDWebImageOperation.h */ = {isa = PBXFileReference; fileEncoding = 4; lastKnownFileType = sourcecode.c.h; path = SDWebImageOperation.h; sourceTree = "<group>"; };
		6C0345621EFB87630088768B /* SDWebImagePrefetcher.h */ = {isa = PBXFileReference; fileEncoding = 4; lastKnownFileType = sourcecode.c.h; path = SDWebImagePrefetcher.h; sourceTree = "<group>"; };
		6C0345631EFB87630088768B /* SDWebImagePrefetcher.m */ = {isa = PBXFileReference; fileEncoding = 4; lastKnownFileType = sourcecode.c.objc; path = SDWebImagePrefetcher.m; sourceTree = "<group>"; };
		6C0345641EFB87630088768B /* UIButton+WebCache.h */ = {isa = PBXFileReference; fileEncoding = 4; lastKnownFileType = sourcecode.c.h; path = "UIButton+WebCache.h"; sourceTree = "<group>"; };
		6C0345651EFB87630088768B /* UIButton+WebCache.m */ = {isa = PBXFileReference; fileEncoding = 4; lastKnownFileType = sourcecode.c.objc; path = "UIButton+WebCache.m"; sourceTree = "<group>"; };
		6C0345661EFB87630088768B /* UIImage+GIF.h */ = {isa = PBXFileReference; fileEncoding = 4; lastKnownFileType = sourcecode.c.h; path = "UIImage+GIF.h"; sourceTree = "<group>"; };
		6C0345671EFB87630088768B /* UIImage+GIF.m */ = {isa = PBXFileReference; fileEncoding = 4; lastKnownFileType = sourcecode.c.objc; path = "UIImage+GIF.m"; sourceTree = "<group>"; };
		6C0345681EFB87630088768B /* UIImage+MultiFormat.h */ = {isa = PBXFileReference; fileEncoding = 4; lastKnownFileType = sourcecode.c.h; path = "UIImage+MultiFormat.h"; sourceTree = "<group>"; };
		6C0345691EFB87630088768B /* UIImage+MultiFormat.m */ = {isa = PBXFileReference; fileEncoding = 4; lastKnownFileType = sourcecode.c.objc; path = "UIImage+MultiFormat.m"; sourceTree = "<group>"; };
		6C03456A1EFB87630088768B /* UIImage+WebP.h */ = {isa = PBXFileReference; fileEncoding = 4; lastKnownFileType = sourcecode.c.h; path = "UIImage+WebP.h"; sourceTree = "<group>"; };
		6C03456B1EFB87630088768B /* UIImage+WebP.m */ = {isa = PBXFileReference; fileEncoding = 4; lastKnownFileType = sourcecode.c.objc; path = "UIImage+WebP.m"; sourceTree = "<group>"; };
		6C03456C1EFB87630088768B /* UIImageView+HighlightedWebCache.h */ = {isa = PBXFileReference; fileEncoding = 4; lastKnownFileType = sourcecode.c.h; path = "UIImageView+HighlightedWebCache.h"; sourceTree = "<group>"; };
		6C03456D1EFB87630088768B /* UIImageView+HighlightedWebCache.m */ = {isa = PBXFileReference; fileEncoding = 4; lastKnownFileType = sourcecode.c.objc; path = "UIImageView+HighlightedWebCache.m"; sourceTree = "<group>"; };
		6C03456E1EFB87630088768B /* UIImageView+WebCache.h */ = {isa = PBXFileReference; fileEncoding = 4; lastKnownFileType = sourcecode.c.h; path = "UIImageView+WebCache.h"; sourceTree = "<group>"; };
		6C03456F1EFB87630088768B /* UIImageView+WebCache.m */ = {isa = PBXFileReference; fileEncoding = 4; lastKnownFileType = sourcecode.c.objc; path = "UIImageView+WebCache.m"; sourceTree = "<group>"; };
		6C0345701EFB87630088768B /* UIView+WebCacheOperation.h */ = {isa = PBXFileReference; fileEncoding = 4; lastKnownFileType = sourcecode.c.h; path = "UIView+WebCacheOperation.h"; sourceTree = "<group>"; };
		6C0345711EFB87630088768B /* UIView+WebCacheOperation.m */ = {isa = PBXFileReference; fileEncoding = 4; lastKnownFileType = sourcecode.c.objc; path = "UIView+WebCacheOperation.m"; sourceTree = "<group>"; };
		6C0345831EFBA4700088768B /* MJRefresh.bundle */ = {isa = PBXFileReference; lastKnownFileType = "wrapper.plug-in"; path = MJRefresh.bundle; sourceTree = "<group>"; };
		6C0345841EFBA4700088768B /* MJRefresh.h */ = {isa = PBXFileReference; fileEncoding = 4; lastKnownFileType = sourcecode.c.h; path = MJRefresh.h; sourceTree = "<group>"; };
		6C0345851EFBA4700088768B /* MJRefreshBaseView.h */ = {isa = PBXFileReference; fileEncoding = 4; lastKnownFileType = sourcecode.c.h; path = MJRefreshBaseView.h; sourceTree = "<group>"; };
		6C0345861EFBA4700088768B /* MJRefreshBaseView.m */ = {isa = PBXFileReference; fileEncoding = 4; lastKnownFileType = sourcecode.c.objc; path = MJRefreshBaseView.m; sourceTree = "<group>"; };
		6C0345871EFBA4700088768B /* MJRefreshConst.h */ = {isa = PBXFileReference; fileEncoding = 4; lastKnownFileType = sourcecode.c.h; path = MJRefreshConst.h; sourceTree = "<group>"; };
		6C0345881EFBA4700088768B /* MJRefreshConst.m */ = {isa = PBXFileReference; fileEncoding = 4; lastKnownFileType = sourcecode.c.objc; path = MJRefreshConst.m; sourceTree = "<group>"; };
		6C0345891EFBA4700088768B /* MJRefreshFooterView.h */ = {isa = PBXFileReference; fileEncoding = 4; lastKnownFileType = sourcecode.c.h; path = MJRefreshFooterView.h; sourceTree = "<group>"; };
		6C03458A1EFBA4700088768B /* MJRefreshFooterView.m */ = {isa = PBXFileReference; fileEncoding = 4; lastKnownFileType = sourcecode.c.objc; path = MJRefreshFooterView.m; sourceTree = "<group>"; };
		6C03458B1EFBA4700088768B /* MJRefreshHeaderView.h */ = {isa = PBXFileReference; fileEncoding = 4; lastKnownFileType = sourcecode.c.h; path = MJRefreshHeaderView.h; sourceTree = "<group>"; };
		6C03458C1EFBA4700088768B /* MJRefreshHeaderView.m */ = {isa = PBXFileReference; fileEncoding = 4; lastKnownFileType = sourcecode.c.objc; path = MJRefreshHeaderView.m; sourceTree = "<group>"; };
		6C03458D1EFBA4700088768B /* UIScrollView+MJExtension.h */ = {isa = PBXFileReference; fileEncoding = 4; lastKnownFileType = sourcecode.c.h; path = "UIScrollView+MJExtension.h"; sourceTree = "<group>"; };
		6C03458E1EFBA4700088768B /* UIScrollView+MJExtension.m */ = {isa = PBXFileReference; fileEncoding = 4; lastKnownFileType = sourcecode.c.objc; path = "UIScrollView+MJExtension.m"; sourceTree = "<group>"; };
		6C03458F1EFBA4700088768B /* UIScrollView+MJRefresh.h */ = {isa = PBXFileReference; fileEncoding = 4; lastKnownFileType = sourcecode.c.h; path = "UIScrollView+MJRefresh.h"; sourceTree = "<group>"; };
		6C0345901EFBA4700088768B /* UIScrollView+MJRefresh.m */ = {isa = PBXFileReference; fileEncoding = 4; lastKnownFileType = sourcecode.c.objc; path = "UIScrollView+MJRefresh.m"; sourceTree = "<group>"; };
		6C0345911EFBA4700088768B /* UIView+MJExtension.h */ = {isa = PBXFileReference; fileEncoding = 4; lastKnownFileType = sourcecode.c.h; path = "UIView+MJExtension.h"; sourceTree = "<group>"; };
		6C0345921EFBA4700088768B /* UIView+MJExtension.m */ = {isa = PBXFileReference; fileEncoding = 4; lastKnownFileType = sourcecode.c.objc; path = "UIView+MJExtension.m"; sourceTree = "<group>"; };
		6C7AAAF61EF0F86E0012AF85 /* 团购HD.app */ = {isa = PBXFileReference; explicitFileType = wrapper.application; includeInIndex = 0; path = "团购HD.app"; sourceTree = BUILT_PRODUCTS_DIR; };
		6C7AAB051EF0F86E0012AF85 /* Assets.xcassets */ = {isa = PBXFileReference; lastKnownFileType = folder.assetcatalog; path = Assets.xcassets; sourceTree = "<group>"; };
		6C7AAB0A1EF0F86E0012AF85 /* Info.plist */ = {isa = PBXFileReference; lastKnownFileType = text.plist.xml; path = Info.plist; sourceTree = "<group>"; };
		6C7AAB0F1EF0F86E0012AF85 /* 团购HDTests.xctest */ = {isa = PBXFileReference; explicitFileType = wrapper.cfbundle; includeInIndex = 0; path = "团购HDTests.xctest"; sourceTree = BUILT_PRODUCTS_DIR; };
		6C7AAB131EF0F86E0012AF85 /* __HDTests.m */ = {isa = PBXFileReference; lastKnownFileType = sourcecode.c.objc; path = __HDTests.m; sourceTree = "<group>"; };
		6C7AAB151EF0F86E0012AF85 /* Info.plist */ = {isa = PBXFileReference; lastKnownFileType = text.plist.xml; path = Info.plist; sourceTree = "<group>"; };
		6C7AAB1A1EF0F86E0012AF85 /* 团购HDUITests.xctest */ = {isa = PBXFileReference; explicitFileType = wrapper.cfbundle; includeInIndex = 0; path = "团购HDUITests.xctest"; sourceTree = BUILT_PRODUCTS_DIR; };
		6C7AAB1E1EF0F86E0012AF85 /* __HDUITests.m */ = {isa = PBXFileReference; lastKnownFileType = sourcecode.c.objc; path = __HDUITests.m; sourceTree = "<group>"; };
		6C7AAB201EF0F86E0012AF85 /* Info.plist */ = {isa = PBXFileReference; lastKnownFileType = text.plist.xml; path = Info.plist; sourceTree = "<group>"; };
		6C7AAB361EF120020012AF85 /* AppDelegate.h */ = {isa = PBXFileReference; fileEncoding = 4; lastKnownFileType = sourcecode.c.h; path = AppDelegate.h; sourceTree = "<group>"; };
		6C7AAB371EF120020012AF85 /* AppDelegate.m */ = {isa = PBXFileReference; fileEncoding = 4; lastKnownFileType = sourcecode.c.objc; path = AppDelegate.m; sourceTree = "<group>"; };
		6C7AAB381EF120020012AF85 /* main.m */ = {isa = PBXFileReference; fileEncoding = 4; lastKnownFileType = sourcecode.c.objc; path = main.m; sourceTree = "<group>"; };
		6C7AAB3D1EF120B50012AF85 /* categories.plist */ = {isa = PBXFileReference; fileEncoding = 4; lastKnownFileType = text.plist.xml; path = categories.plist; sourceTree = "<group>"; };
		6C7AAB3E1EF120B50012AF85 /* cities.plist */ = {isa = PBXFileReference; fileEncoding = 4; lastKnownFileType = text.plist.xml; path = cities.plist; sourceTree = "<group>"; };
		6C7AAB3F1EF120B50012AF85 /* cityGroups.plist */ = {isa = PBXFileReference; fileEncoding = 4; lastKnownFileType = text.plist.xml; path = cityGroups.plist; sourceTree = "<group>"; };
		6C7AAB401EF120B50012AF85 /* sorts.plist */ = {isa = PBXFileReference; fileEncoding = 4; lastKnownFileType = text.plist.xml; path = sorts.plist; sourceTree = "<group>"; };
		6C7AAB451EF123F30012AF85 /* TGNavigationController.h */ = {isa = PBXFileReference; fileEncoding = 4; lastKnownFileType = sourcecode.c.h; path = TGNavigationController.h; sourceTree = "<group>"; };
		6C7AAB461EF123F30012AF85 /* TGNavigationController.m */ = {isa = PBXFileReference; fileEncoding = 4; lastKnownFileType = sourcecode.c.objc; path = TGNavigationController.m; sourceTree = "<group>"; };
		6C7AAB481EF124160012AF85 /* TGHomeViewController.h */ = {isa = PBXFileReference; fileEncoding = 4; lastKnownFileType = sourcecode.c.h; path = TGHomeViewController.h; sourceTree = "<group>"; };
		6C7AAB491EF124160012AF85 /* TGHomeViewController.m */ = {isa = PBXFileReference; fileEncoding = 4; lastKnownFileType = sourcecode.c.objc; path = TGHomeViewController.m; sourceTree = "<group>"; };
		6C7AAB4B1EF124410012AF85 /* TGConst.h */ = {isa = PBXFileReference; fileEncoding = 4; lastKnownFileType = sourcecode.c.h; path = TGConst.h; sourceTree = "<group>"; };
		6C7AAB4C1EF124410012AF85 /* TGConst.m */ = {isa = PBXFileReference; fileEncoding = 4; lastKnownFileType = sourcecode.c.objc; path = TGConst.m; sourceTree = "<group>"; };
		6C7AAB4E1EF12C6A0012AF85 /* UIBarButtonItem+Extension.h */ = {isa = PBXFileReference; fileEncoding = 4; lastKnownFileType = sourcecode.c.h; path = "UIBarButtonItem+Extension.h"; sourceTree = "<group>"; };
		6C7AAB4F1EF12C6A0012AF85 /* UIBarButtonItem+Extension.m */ = {isa = PBXFileReference; fileEncoding = 4; lastKnownFileType = sourcecode.c.objc; path = "UIBarButtonItem+Extension.m"; sourceTree = "<group>"; };
		6C7AAB511EF130DF0012AF85 /* UIView+Extension.h */ = {isa = PBXFileReference; fileEncoding = 4; lastKnownFileType = sourcecode.c.h; path = "UIView+Extension.h"; sourceTree = "<group>"; };
		6C7AAB521EF130DF0012AF85 /* UIView+Extension.m */ = {isa = PBXFileReference; fileEncoding = 4; lastKnownFileType = sourcecode.c.objc; path = "UIView+Extension.m"; sourceTree = "<group>"; };
		6C7AAB541EF1346F0012AF85 /* TGHomeTopItem.h */ = {isa = PBXFileReference; fileEncoding = 4; lastKnownFileType = sourcecode.c.h; path = TGHomeTopItem.h; sourceTree = "<group>"; };
		6C7AAB551EF1346F0012AF85 /* TGHomeTopItem.m */ = {isa = PBXFileReference; fileEncoding = 4; lastKnownFileType = sourcecode.c.objc; path = TGHomeTopItem.m; sourceTree = "<group>"; };
		6C7AAB571EF134820012AF85 /* TGHomeTopItem.xib */ = {isa = PBXFileReference; fileEncoding = 4; lastKnownFileType = file.xib; path = TGHomeTopItem.xib; sourceTree = "<group>"; };
		6C7AAB591EF379A00012AF85 /* TGCategoryViewController.h */ = {isa = PBXFileReference; fileEncoding = 4; lastKnownFileType = sourcecode.c.h; path = TGCategoryViewController.h; sourceTree = "<group>"; };
		6C7AAB5A1EF379A00012AF85 /* TGCategoryViewController.m */ = {isa = PBXFileReference; fileEncoding = 4; lastKnownFileType = sourcecode.c.objc; path = TGCategoryViewController.m; sourceTree = "<group>"; };
		6C7AAB5C1EF37A200012AF85 /* TGHomeDropDownMenu.h */ = {isa = PBXFileReference; fileEncoding = 4; lastKnownFileType = sourcecode.c.h; path = TGHomeDropDownMenu.h; sourceTree = "<group>"; };
		6C7AAB5D1EF37A200012AF85 /* TGHomeDropDownMenu.m */ = {isa = PBXFileReference; fileEncoding = 4; lastKnownFileType = sourcecode.c.objc; path = TGHomeDropDownMenu.m; sourceTree = "<group>"; };
		6C7AAB5F1EF37A2D0012AF85 /* TGHomeDropDownMenu.xib */ = {isa = PBXFileReference; fileEncoding = 4; lastKnownFileType = file.xib; path = TGHomeDropDownMenu.xib; sourceTree = "<group>"; };
		6C7AAB661EF3BCF70012AF85 /* TGCategory.h */ = {isa = PBXFileReference; fileEncoding = 4; lastKnownFileType = sourcecode.c.h; path = TGCategory.h; sourceTree = "<group>"; };
		6C7AAB671EF3BCF70012AF85 /* TGCategory.m */ = {isa = PBXFileReference; fileEncoding = 4; lastKnownFileType = sourcecode.c.objc; path = TGCategory.m; sourceTree = "<group>"; };
		6C7AABA51EF3BF460012AF85 /* MJConst.h */ = {isa = PBXFileReference; fileEncoding = 4; lastKnownFileType = sourcecode.c.h; path = MJConst.h; sourceTree = "<group>"; };
		6C7AABA61EF3BF460012AF85 /* MJConst.m */ = {isa = PBXFileReference; fileEncoding = 4; lastKnownFileType = sourcecode.c.objc; path = MJConst.m; sourceTree = "<group>"; };
		6C7AABA71EF3BF460012AF85 /* MJExtension.h */ = {isa = PBXFileReference; fileEncoding = 4; lastKnownFileType = sourcecode.c.h; path = MJExtension.h; sourceTree = "<group>"; };
		6C7AABA81EF3BF460012AF85 /* MJFoundation.h */ = {isa = PBXFileReference; fileEncoding = 4; lastKnownFileType = sourcecode.c.h; path = MJFoundation.h; sourceTree = "<group>"; };
		6C7AABA91EF3BF460012AF85 /* MJFoundation.m */ = {isa = PBXFileReference; fileEncoding = 4; lastKnownFileType = sourcecode.c.objc; path = MJFoundation.m; sourceTree = "<group>"; };
		6C7AABAA1EF3BF460012AF85 /* MJIvar.h */ = {isa = PBXFileReference; fileEncoding = 4; lastKnownFileType = sourcecode.c.h; path = MJIvar.h; sourceTree = "<group>"; };
		6C7AABAB1EF3BF460012AF85 /* MJIvar.m */ = {isa = PBXFileReference; fileEncoding = 4; lastKnownFileType = sourcecode.c.objc; path = MJIvar.m; sourceTree = "<group>"; };
		6C7AABAC1EF3BF460012AF85 /* MJType.h */ = {isa = PBXFileReference; fileEncoding = 4; lastKnownFileType = sourcecode.c.h; path = MJType.h; sourceTree = "<group>"; };
		6C7AABAD1EF3BF460012AF85 /* MJType.m */ = {isa = PBXFileReference; fileEncoding = 4; lastKnownFileType = sourcecode.c.objc; path = MJType.m; sourceTree = "<group>"; };
		6C7AABAE1EF3BF460012AF85 /* NSObject+MJCoding.h */ = {isa = PBXFileReference; fileEncoding = 4; lastKnownFileType = sourcecode.c.h; path = "NSObject+MJCoding.h"; sourceTree = "<group>"; };
		6C7AABAF1EF3BF460012AF85 /* NSObject+MJCoding.m */ = {isa = PBXFileReference; fileEncoding = 4; lastKnownFileType = sourcecode.c.objc; path = "NSObject+MJCoding.m"; sourceTree = "<group>"; };
		6C7AABB01EF3BF460012AF85 /* NSObject+MJIvar.h */ = {isa = PBXFileReference; fileEncoding = 4; lastKnownFileType = sourcecode.c.h; path = "NSObject+MJIvar.h"; sourceTree = "<group>"; };
		6C7AABB11EF3BF460012AF85 /* NSObject+MJIvar.m */ = {isa = PBXFileReference; fileEncoding = 4; lastKnownFileType = sourcecode.c.objc; path = "NSObject+MJIvar.m"; sourceTree = "<group>"; };
		6C7AABB21EF3BF460012AF85 /* NSObject+MJKeyValue.h */ = {isa = PBXFileReference; fileEncoding = 4; lastKnownFileType = sourcecode.c.h; path = "NSObject+MJKeyValue.h"; sourceTree = "<group>"; };
		6C7AABB31EF3BF460012AF85 /* NSObject+MJKeyValue.m */ = {isa = PBXFileReference; fileEncoding = 4; lastKnownFileType = sourcecode.c.objc; path = "NSObject+MJKeyValue.m"; sourceTree = "<group>"; };
		6C7AABBB1EF3C2B90012AF85 /* TGHomeDropDownMainCell.h */ = {isa = PBXFileReference; fileEncoding = 4; lastKnownFileType = sourcecode.c.h; path = TGHomeDropDownMainCell.h; sourceTree = "<group>"; };
		6C7AABBC1EF3C2B90012AF85 /* TGHomeDropDownMainCell.m */ = {isa = PBXFileReference; fileEncoding = 4; lastKnownFileType = sourcecode.c.objc; path = TGHomeDropDownMainCell.m; sourceTree = "<group>"; };
		6C7AABBE1EF3C2C70012AF85 /* TGHomeDropDownSubCell.h */ = {isa = PBXFileReference; fileEncoding = 4; lastKnownFileType = sourcecode.c.h; path = TGHomeDropDownSubCell.h; sourceTree = "<group>"; };
		6C7AABBF1EF3C2C70012AF85 /* TGHomeDropDownSubCell.m */ = {isa = PBXFileReference; fileEncoding = 4; lastKnownFileType = sourcecode.c.objc; path = TGHomeDropDownSubCell.m; sourceTree = "<group>"; };
		6C7AABC61EF3CC8C0012AF85 /* TGDistrictViewController.h */ = {isa = PBXFileReference; fileEncoding = 4; lastKnownFileType = sourcecode.c.h; path = TGDistrictViewController.h; sourceTree = "<group>"; };
		6C7AABC71EF3CC8C0012AF85 /* TGDistrictViewController.m */ = {isa = PBXFileReference; fileEncoding = 4; lastKnownFileType = sourcecode.c.objc; path = TGDistrictViewController.m; sourceTree = "<group>"; };
		6C7AABC81EF3CC8C0012AF85 /* TGDistrictViewController.xib */ = {isa = PBXFileReference; fileEncoding = 4; lastKnownFileType = file.xib; path = TGDistrictViewController.xib; sourceTree = "<group>"; };
		6C7AABCB1EF3D50E0012AF85 /* TGCityViewController.h */ = {isa = PBXFileReference; fileEncoding = 4; lastKnownFileType = sourcecode.c.h; path = TGCityViewController.h; sourceTree = "<group>"; };
		6C7AABCC1EF3D50E0012AF85 /* TGCityViewController.m */ = {isa = PBXFileReference; fileEncoding = 4; lastKnownFileType = sourcecode.c.objc; path = TGCityViewController.m; sourceTree = "<group>"; };
		6C7AABCD1EF3D50E0012AF85 /* TGCityViewController.xib */ = {isa = PBXFileReference; fileEncoding = 4; lastKnownFileType = file.xib; path = TGCityViewController.xib; sourceTree = "<group>"; };
		6C7AABD01EF3F9E60012AF85 /* TGCityGroup.h */ = {isa = PBXFileReference; fileEncoding = 4; lastKnownFileType = sourcecode.c.h; path = TGCityGroup.h; sourceTree = "<group>"; };
		6C7AABD11EF3F9E60012AF85 /* TGCityGroup.m */ = {isa = PBXFileReference; fileEncoding = 4; lastKnownFileType = sourcecode.c.objc; path = TGCityGroup.m; sourceTree = "<group>"; };
		6C7AABD31EF4E58D0012AF85 /* TGCitySearchResultController.h */ = {isa = PBXFileReference; fileEncoding = 4; lastKnownFileType = sourcecode.c.h; path = TGCitySearchResultController.h; sourceTree = "<group>"; };
		6C7AABD41EF4E58D0012AF85 /* TGCitySearchResultController.m */ = {isa = PBXFileReference; fileEncoding = 4; lastKnownFileType = sourcecode.c.objc; path = TGCitySearchResultController.m; sourceTree = "<group>"; };
		6C7AABD61EF4E8790012AF85 /* UIView+AutoLayout.h */ = {isa = PBXFileReference; fileEncoding = 4; lastKnownFileType = sourcecode.c.h; path = "UIView+AutoLayout.h"; sourceTree = "<group>"; };
		6C7AABD71EF4E8790012AF85 /* UIView+AutoLayout.m */ = {isa = PBXFileReference; fileEncoding = 4; lastKnownFileType = sourcecode.c.objc; path = "UIView+AutoLayout.m"; sourceTree = "<group>"; };
		6C7AABD91EF4EC080012AF85 /* TGCity.h */ = {isa = PBXFileReference; fileEncoding = 4; lastKnownFileType = sourcecode.c.h; path = TGCity.h; sourceTree = "<group>"; };
		6C7AABDA1EF4EC080012AF85 /* TGCity.m */ = {isa = PBXFileReference; fileEncoding = 4; lastKnownFileType = sourcecode.c.objc; path = TGCity.m; sourceTree = "<group>"; };
		6C7AABDC1EF4EC150012AF85 /* TGRegion.h */ = {isa = PBXFileReference; fileEncoding = 4; lastKnownFileType = sourcecode.c.h; path = TGRegion.h; sourceTree = "<group>"; };
		6C7AABDD1EF4EC150012AF85 /* TGRegion.m */ = {isa = PBXFileReference; fileEncoding = 4; lastKnownFileType = sourcecode.c.objc; path = TGRegion.m; sourceTree = "<group>"; };
		6C7AABE01EF663000012AF85 /* TGMetaTool.h */ = {isa = PBXFileReference; fileEncoding = 4; lastKnownFileType = sourcecode.c.h; path = TGMetaTool.h; sourceTree = "<group>"; };
		6C7AABE11EF663000012AF85 /* TGMetaTool.m */ = {isa = PBXFileReference; fileEncoding = 4; lastKnownFileType = sourcecode.c.objc; path = TGMetaTool.m; sourceTree = "<group>"; };
		6C7AABE31EF76EDE0012AF85 /* TGSortViewController.h */ = {isa = PBXFileReference; fileEncoding = 4; lastKnownFileType = sourcecode.c.h; path = TGSortViewController.h; sourceTree = "<group>"; };
		6C7AABE41EF76EDE0012AF85 /* TGSortViewController.m */ = {isa = PBXFileReference; fileEncoding = 4; lastKnownFileType = sourcecode.c.objc; path = TGSortViewController.m; sourceTree = "<group>"; };
		6C7AABE61EF770FB0012AF85 /* TGSort.h */ = {isa = PBXFileReference; fileEncoding = 4; lastKnownFileType = sourcecode.c.h; path = TGSort.h; sourceTree = "<group>"; };
		6C7AABE71EF770FB0012AF85 /* TGSort.m */ = {isa = PBXFileReference; fileEncoding = 4; lastKnownFileType = sourcecode.c.objc; path = TGSort.m; sourceTree = "<group>"; };
		6C7AABEA1EF91CD50012AF85 /* DPAPI.h */ = {isa = PBXFileReference; fileEncoding = 4; lastKnownFileType = sourcecode.c.h; path = DPAPI.h; sourceTree = "<group>"; };
		6C7AABEB1EF91CD50012AF85 /* DPAPI.m */ = {isa = PBXFileReference; fileEncoding = 4; lastKnownFileType = sourcecode.c.objc; path = DPAPI.m; sourceTree = "<group>"; };
		6C7AABEC1EF91CD50012AF85 /* DPConstants.h */ = {isa = PBXFileReference; fileEncoding = 4; lastKnownFileType = sourcecode.c.h; path = DPConstants.h; sourceTree = "<group>"; };
		6C7AABED1EF91CD50012AF85 /* DPRequest.h */ = {isa = PBXFileReference; fileEncoding = 4; lastKnownFileType = sourcecode.c.h; path = DPRequest.h; sourceTree = "<group>"; };
		6C7AABEE1EF91CD50012AF85 /* DPRequest.m */ = {isa = PBXFileReference; fileEncoding = 4; lastKnownFileType = sourcecode.c.objc; path = DPRequest.m; sourceTree = "<group>"; };
		6C7AABF11EFA34BD0012AF85 /* Foundation+Log.m */ = {isa = PBXFileReference; fileEncoding = 4; lastKnownFileType = sourcecode.c.objc; path = "Foundation+Log.m"; sourceTree = "<group>"; };
		6CFBFD911EFBD2F2004F5EEF /* MBProgressHUD+MJ.h */ = {isa = PBXFileReference; fileEncoding = 4; lastKnownFileType = sourcecode.c.h; path = "MBProgressHUD+MJ.h"; sourceTree = "<group>"; };
		6CFBFD921EFBD2F2004F5EEF /* MBProgressHUD+MJ.m */ = {isa = PBXFileReference; fileEncoding = 4; lastKnownFileType = sourcecode.c.objc; path = "MBProgressHUD+MJ.m"; sourceTree = "<group>"; };
		6CFBFD931EFBD2F2004F5EEF /* MBProgressHUD.bundle */ = {isa = PBXFileReference; lastKnownFileType = "wrapper.plug-in"; path = MBProgressHUD.bundle; sourceTree = "<group>"; };
		6CFBFD941EFBD2F2004F5EEF /* MBProgressHUD.h */ = {isa = PBXFileReference; fileEncoding = 4; lastKnownFileType = sourcecode.c.h; path = MBProgressHUD.h; sourceTree = "<group>"; };
		6CFBFD951EFBD2F2004F5EEF /* MBProgressHUD.m */ = {isa = PBXFileReference; fileEncoding = 4; lastKnownFileType = sourcecode.c.objc; path = MBProgressHUD.m; sourceTree = "<group>"; };
		6CFBFD9D1EFCEF7B004F5EEF /* TGSearchController.h */ = {isa = PBXFileReference; fileEncoding = 4; lastKnownFileType = sourcecode.c.h; path = TGSearchController.h; sourceTree = "<group>"; };
		6CFBFD9E1EFCEF7B004F5EEF /* TGSearchController.m */ = {isa = PBXFileReference; fileEncoding = 4; lastKnownFileType = sourcecode.c.objc; path = TGSearchController.m; sourceTree = "<group>"; };
		6CFBFDA01EFCFBE3004F5EEF /* TGCenterLineLabel.h */ = {isa = PBXFileReference; fileEncoding = 4; lastKnownFileType = sourcecode.c.h; path = TGCenterLineLabel.h; sourceTree = "<group>"; };
		6CFBFDA11EFCFBE3004F5EEF /* TGCenterLineLabel.m */ = {isa = PBXFileReference; fileEncoding = 4; lastKnownFileType = sourcecode.c.objc; path = TGCenterLineLabel.m; sourceTree = "<group>"; };
		6CFBFDA31EFCFF5C004F5EEF /* TGDealViewController.h */ = {isa = PBXFileReference; fileEncoding = 4; lastKnownFileType = sourcecode.c.h; path = TGDealViewController.h; sourceTree = "<group>"; };
		6CFBFDA41EFCFF5C004F5EEF /* TGDealViewController.m */ = {isa = PBXFileReference; fileEncoding = 4; lastKnownFileType = sourcecode.c.objc; path = TGDealViewController.m; sourceTree = "<group>"; };
		6CFBFDA71EFD5744004F5EEF /* AwesomeMenu.h */ = {isa = PBXFileReference; fileEncoding = 4; lastKnownFileType = sourcecode.c.h; path = AwesomeMenu.h; sourceTree = "<group>"; };
		6CFBFDA81EFD5744004F5EEF /* AwesomeMenu.m */ = {isa = PBXFileReference; fileEncoding = 4; lastKnownFileType = sourcecode.c.objc; path = AwesomeMenu.m; sourceTree = "<group>"; };
		6CFBFDA91EFD5744004F5EEF /* AwesomeMenuItem.h */ = {isa = PBXFileReference; fileEncoding = 4; lastKnownFileType = sourcecode.c.h; path = AwesomeMenuItem.h; sourceTree = "<group>"; };
		6CFBFDAA1EFD5744004F5EEF /* AwesomeMenuItem.m */ = {isa = PBXFileReference; fileEncoding = 4; lastKnownFileType = sourcecode.c.objc; path = AwesomeMenuItem.m; sourceTree = "<group>"; };
		6CFBFDB11EFD6310004F5EEF /* TGCollecController.h */ = {isa = PBXFileReference; fileEncoding = 4; lastKnownFileType = sourcecode.c.h; path = TGCollecController.h; sourceTree = "<group>"; };
		6CFBFDB21EFD6310004F5EEF /* TGCollecController.m */ = {isa = PBXFileReference; fileEncoding = 4; lastKnownFileType = sourcecode.c.objc; path = TGCollecController.m; sourceTree = "<group>"; };
		6CFBFDB41EFD6328004F5EEF /* TGScanHistoryController.h */ = {isa = PBXFileReference; fileEncoding = 4; lastKnownFileType = sourcecode.c.h; path = TGScanHistoryController.h; sourceTree = "<group>"; };
		6CFBFDB51EFD6328004F5EEF /* TGScanHistoryController.m */ = {isa = PBXFileReference; fileEncoding = 4; lastKnownFileType = sourcecode.c.objc; path = TGScanHistoryController.m; sourceTree = "<group>"; };
		6CFBFDB91EFE5649004F5EEF /* TGDealDetailViewController.h */ = {isa = PBXFileReference; fileEncoding = 4; lastKnownFileType = sourcecode.c.h; path = TGDealDetailViewController.h; sourceTree = "<group>"; };
		6CFBFDBA1EFE5649004F5EEF /* TGDealDetailViewController.m */ = {isa = PBXFileReference; fileEncoding = 4; lastKnownFileType = sourcecode.c.objc; path = TGDealDetailViewController.m; sourceTree = "<group>"; };
		6CFBFDBB1EFE5649004F5EEF /* TGDealDetailViewController.xib */ = {isa = PBXFileReference; fileEncoding = 4; lastKnownFileType = file.xib; path = TGDealDetailViewController.xib; sourceTree = "<group>"; };
		6CFBFDBE1EFE6452004F5EEF /* html.html */ = {isa = PBXFileReference; fileEncoding = 4; lastKnownFileType = text.html; path = html.html; sourceTree = "<group>"; };
		6CFBFDC31EFF9240004F5EEF /* TGDealRestrictions.h */ = {isa = PBXFileReference; fileEncoding = 4; lastKnownFileType = sourcecode.c.h; path = TGDealRestrictions.h; sourceTree = "<group>"; };
		6CFBFDC41EFF9240004F5EEF /* TGDealRestrictions.m */ = {isa = PBXFileReference; fileEncoding = 4; lastKnownFileType = sourcecode.c.objc; path = TGDealRestrictions.m; sourceTree = "<group>"; };
		6CFBFDC71EFFFE54004F5EEF /* TGDealTool.h */ = {isa = PBXFileReference; fileEncoding = 4; lastKnownFileType = sourcecode.c.h; path = TGDealTool.h; sourceTree = "<group>"; };
		6CFBFDC81EFFFE54004F5EEF /* TGDealTool.m */ = {isa = PBXFileReference; fileEncoding = 4; lastKnownFileType = sourcecode.c.objc; path = TGDealTool.m; sourceTree = "<group>"; };
		6CFBFDCB1F000084004F5EEF /* FMDatabase.h */ = {isa = PBXFileReference; fileEncoding = 4; lastKnownFileType = sourcecode.c.h; path = FMDatabase.h; sourceTree = "<group>"; };
		6CFBFDCC1F000084004F5EEF /* FMDatabase.m */ = {isa = PBXFileReference; fileEncoding = 4; lastKnownFileType = sourcecode.c.objc; path = FMDatabase.m; sourceTree = "<group>"; };
		6CFBFDCD1F000084004F5EEF /* FMDatabaseAdditions.h */ = {isa = PBXFileReference; fileEncoding = 4; lastKnownFileType = sourcecode.c.h; path = FMDatabaseAdditions.h; sourceTree = "<group>"; };
		6CFBFDCE1F000084004F5EEF /* FMDatabaseAdditions.m */ = {isa = PBXFileReference; fileEncoding = 4; lastKnownFileType = sourcecode.c.objc; path = FMDatabaseAdditions.m; sourceTree = "<group>"; };
		6CFBFDCF1F000084004F5EEF /* FMDatabasePool.h */ = {isa = PBXFileReference; fileEncoding = 4; lastKnownFileType = sourcecode.c.h; path = FMDatabasePool.h; sourceTree = "<group>"; };
		6CFBFDD01F000084004F5EEF /* FMDatabasePool.m */ = {isa = PBXFileReference; fileEncoding = 4; lastKnownFileType = sourcecode.c.objc; path = FMDatabasePool.m; sourceTree = "<group>"; };
		6CFBFDD11F000084004F5EEF /* FMDatabaseQueue.h */ = {isa = PBXFileReference; fileEncoding = 4; lastKnownFileType = sourcecode.c.h; path = FMDatabaseQueue.h; sourceTree = "<group>"; };
		6CFBFDD21F000084004F5EEF /* FMDatabaseQueue.m */ = {isa = PBXFileReference; fileEncoding = 4; lastKnownFileType = sourcecode.c.objc; path = FMDatabaseQueue.m; sourceTree = "<group>"; };
		6CFBFDD31F000084004F5EEF /* FMDB.h */ = {isa = PBXFileReference; fileEncoding = 4; lastKnownFileType = sourcecode.c.h; path = FMDB.h; sourceTree = "<group>"; };
		6CFBFDD41F000084004F5EEF /* FMResultSet.h */ = {isa = PBXFileReference; fileEncoding = 4; lastKnownFileType = sourcecode.c.h; path = FMResultSet.h; sourceTree = "<group>"; };
		6CFBFDD51F000084004F5EEF /* FMResultSet.m */ = {isa = PBXFileReference; fileEncoding = 4; lastKnownFileType = sourcecode.c.objc; path = FMResultSet.m; sourceTree = "<group>"; };
		6CFBFDDB1F00E3A6004F5EEF /* libsqlite3.tbd */ = {isa = PBXFileReference; lastKnownFileType = "sourcecode.text-based-dylib-definition"; name = libsqlite3.tbd; path = usr/lib/libsqlite3.tbd; sourceTree = SDKROOT; };
		6CFBFDE21F02845B004F5EEF /* TGMapViewController.h */ = {isa = PBXFileReference; fileEncoding = 4; lastKnownFileType = sourcecode.c.h; path = TGMapViewController.h; sourceTree = "<group>"; };
		6CFBFDE31F02845B004F5EEF /* TGMapViewController.m */ = {isa = PBXFileReference; fileEncoding = 4; lastKnownFileType = sourcecode.c.objc; path = TGMapViewController.m; sourceTree = "<group>"; };
		6CFBFDE41F02845B004F5EEF /* TGMapViewController.xib */ = {isa = PBXFileReference; fileEncoding = 4; lastKnownFileType = file.xib; path = TGMapViewController.xib; sourceTree = "<group>"; };
		6CFBFDE71F034C2B004F5EEF /* TGBusiness.h */ = {isa = PBXFileReference; fileEncoding = 4; lastKnownFileType = sourcecode.c.h; path = TGBusiness.h; sourceTree = "<group>"; };
		6CFBFDE81F034C2B004F5EEF /* TGBusiness.m */ = {isa = PBXFileReference; fileEncoding = 4; lastKnownFileType = sourcecode.c.objc; path = TGBusiness.m; sourceTree = "<group>"; };
		6CFBFDEB1F0350A4004F5EEF /* TGDealAnnotation.h */ = {isa = PBXFileReference; fileEncoding = 4; lastKnownFileType = sourcecode.c.h; path = TGDealAnnotation.h; sourceTree = "<group>"; };
		6CFBFDEC1F0350A4004F5EEF /* TGDealAnnotation.m */ = {isa = PBXFileReference; fileEncoding = 4; lastKnownFileType = sourcecode.c.objc; path = TGDealAnnotation.m; sourceTree = "<group>"; };
/* End PBXFileReference section */

/* Begin PBXFrameworksBuildPhase section */
		6C7AAAF31EF0F86E0012AF85 /* Frameworks */ = {
			isa = PBXFrameworksBuildPhase;
			buildActionMask = 2147483647;
			files = (
				6CFBFDDC1F00E3A6004F5EEF /* libsqlite3.tbd in Frameworks */,
			);
			runOnlyForDeploymentPostprocessing = 0;
		};
		6C7AAB0C1EF0F86E0012AF85 /* Frameworks */ = {
			isa = PBXFrameworksBuildPhase;
			buildActionMask = 2147483647;
			files = (
			);
			runOnlyForDeploymentPostprocessing = 0;
		};
		6C7AAB171EF0F86E0012AF85 /* Frameworks */ = {
			isa = PBXFrameworksBuildPhase;
			buildActionMask = 2147483647;
			files = (
			);
			runOnlyForDeploymentPostprocessing = 0;
		};
/* End PBXFrameworksBuildPhase section */

/* Begin PBXGroup section */
		6C0345501EFB87630088768B /* SDWebImage */ = {
			isa = PBXGroup;
			children = (
				6C0345511EFB87630088768B /* MKAnnotationView+WebCache.h */,
				6C0345521EFB87630088768B /* MKAnnotationView+WebCache.m */,
				6C0345531EFB87630088768B /* NSData+ImageContentType.h */,
				6C0345541EFB87630088768B /* NSData+ImageContentType.m */,
				6C0345551EFB87630088768B /* SDImageCache.h */,
				6C0345561EFB87630088768B /* SDImageCache.m */,
				6C0345571EFB87630088768B /* SDWebImageCompat.h */,
				6C0345581EFB87630088768B /* SDWebImageCompat.m */,
				6C0345591EFB87630088768B /* SDWebImageDecoder.h */,
				6C03455A1EFB87630088768B /* SDWebImageDecoder.m */,
				6C03455B1EFB87630088768B /* SDWebImageDownloader.h */,
				6C03455C1EFB87630088768B /* SDWebImageDownloader.m */,
				6C03455D1EFB87630088768B /* SDWebImageDownloaderOperation.h */,
				6C03455E1EFB87630088768B /* SDWebImageDownloaderOperation.m */,
				6C03455F1EFB87630088768B /* SDWebImageManager.h */,
				6C0345601EFB87630088768B /* SDWebImageManager.m */,
				6C0345611EFB87630088768B /* SDWebImageOperation.h */,
				6C0345621EFB87630088768B /* SDWebImagePrefetcher.h */,
				6C0345631EFB87630088768B /* SDWebImagePrefetcher.m */,
				6C0345641EFB87630088768B /* UIButton+WebCache.h */,
				6C0345651EFB87630088768B /* UIButton+WebCache.m */,
				6C0345661EFB87630088768B /* UIImage+GIF.h */,
				6C0345671EFB87630088768B /* UIImage+GIF.m */,
				6C0345681EFB87630088768B /* UIImage+MultiFormat.h */,
				6C0345691EFB87630088768B /* UIImage+MultiFormat.m */,
				6C03456A1EFB87630088768B /* UIImage+WebP.h */,
				6C03456B1EFB87630088768B /* UIImage+WebP.m */,
				6C03456C1EFB87630088768B /* UIImageView+HighlightedWebCache.h */,
				6C03456D1EFB87630088768B /* UIImageView+HighlightedWebCache.m */,
				6C03456E1EFB87630088768B /* UIImageView+WebCache.h */,
				6C03456F1EFB87630088768B /* UIImageView+WebCache.m */,
				6C0345701EFB87630088768B /* UIView+WebCacheOperation.h */,
				6C0345711EFB87630088768B /* UIView+WebCacheOperation.m */,
			);
			path = SDWebImage;
			sourceTree = "<group>";
		};
		6C0345821EFBA4700088768B /* MJRefresh */ = {
			isa = PBXGroup;
			children = (
				6C0345831EFBA4700088768B /* MJRefresh.bundle */,
				6C0345841EFBA4700088768B /* MJRefresh.h */,
				6C0345851EFBA4700088768B /* MJRefreshBaseView.h */,
				6C0345861EFBA4700088768B /* MJRefreshBaseView.m */,
				6C0345871EFBA4700088768B /* MJRefreshConst.h */,
				6C0345881EFBA4700088768B /* MJRefreshConst.m */,
				6C0345891EFBA4700088768B /* MJRefreshFooterView.h */,
				6C03458A1EFBA4700088768B /* MJRefreshFooterView.m */,
				6C03458B1EFBA4700088768B /* MJRefreshHeaderView.h */,
				6C03458C1EFBA4700088768B /* MJRefreshHeaderView.m */,
				6C03458D1EFBA4700088768B /* UIScrollView+MJExtension.h */,
				6C03458E1EFBA4700088768B /* UIScrollView+MJExtension.m */,
				6C03458F1EFBA4700088768B /* UIScrollView+MJRefresh.h */,
				6C0345901EFBA4700088768B /* UIScrollView+MJRefresh.m */,
				6C0345911EFBA4700088768B /* UIView+MJExtension.h */,
				6C0345921EFBA4700088768B /* UIView+MJExtension.m */,
			);
			path = MJRefresh;
			sourceTree = "<group>";
		};
		6C7AAAED1EF0F86E0012AF85 = {
			isa = PBXGroup;
			children = (
				6CFBFDDB1F00E3A6004F5EEF /* libsqlite3.tbd */,
				6C7AAAF81EF0F86E0012AF85 /* 团购HD */,
				6C7AAB121EF0F86E0012AF85 /* 团购HDTests */,
				6C7AAB1D1EF0F86E0012AF85 /* 团购HDUITests */,
				6C7AAAF71EF0F86E0012AF85 /* Products */,
			);
			sourceTree = "<group>";
		};
		6C7AAAF71EF0F86E0012AF85 /* Products */ = {
			isa = PBXGroup;
			children = (
				6C7AAAF61EF0F86E0012AF85 /* 团购HD.app */,
				6C7AAB0F1EF0F86E0012AF85 /* 团购HDTests.xctest */,
				6C7AAB1A1EF0F86E0012AF85 /* 团购HDUITests.xctest */,
			);
			name = Products;
			sourceTree = "<group>";
		};
		6C7AAAF81EF0F86E0012AF85 /* 团购HD */ = {
			isa = PBXGroup;
			children = (
				6C7AAB2C1EF120020012AF85 /* Classes */,
				6C7AAB051EF0F86E0012AF85 /* Assets.xcassets */,
				6C7AAAF91EF0F86E0012AF85 /* Supporting Files */,
			);
			path = "团购HD";
			sourceTree = "<group>";
		};
		6C7AAAF91EF0F86E0012AF85 /* Supporting Files */ = {
			isa = PBXGroup;
			children = (
				6C7AAB3C1EF120B50012AF85 /* Plist */,
				6C7AAB0A1EF0F86E0012AF85 /* Info.plist */,
				6CFBFDBE1EFE6452004F5EEF /* html.html */,
			);
			name = "Supporting Files";
			sourceTree = "<group>";
		};
		6C7AAB121EF0F86E0012AF85 /* 团购HDTests */ = {
			isa = PBXGroup;
			children = (
				6C7AAB131EF0F86E0012AF85 /* __HDTests.m */,
				6C7AAB151EF0F86E0012AF85 /* Info.plist */,
			);
			path = "团购HDTests";
			sourceTree = "<group>";
		};
		6C7AAB1D1EF0F86E0012AF85 /* 团购HDUITests */ = {
			isa = PBXGroup;
			children = (
				6C7AAB1E1EF0F86E0012AF85 /* __HDUITests.m */,
				6C7AAB201EF0F86E0012AF85 /* Info.plist */,
			);
			path = "团购HDUITests";
			sourceTree = "<group>";
		};
		6C7AAB2C1EF120020012AF85 /* Classes */ = {
			isa = PBXGroup;
			children = (
				6CFBFDDD1F02812E004F5EEF /* Map(地图) */,
				6CFBFDB71EFE5620004F5EEF /* DealDetail(订单详情) */,
				6CFBFDAF1EFD62EB004F5EEF /* ScanHistory(浏览记录) */,
				6CFBFDAD1EFD62E3004F5EEF /* Collection(收藏) */,
				6CFBFD991EFCEF46004F5EEF /* Search(搜索) */,
				6C7AAB2D1EF120020012AF85 /* Home(首页) */,
				6C7AAB311EF120020012AF85 /* Main(主要) */,
			);
			path = Classes;
			sourceTree = "<group>";
		};
		6C7AAB2D1EF120020012AF85 /* Home(首页) */ = {
			isa = PBXGroup;
			children = (
				6C7AABDF1EF662DC0012AF85 /* Tool */,
				6C7AAB2F1EF120020012AF85 /* Model */,
				6C7AAB301EF120020012AF85 /* View */,
				6C7AAB2E1EF120020012AF85 /* Controller */,
			);
			path = "Home(首页)";
			sourceTree = "<group>";
		};
		6C7AAB2E1EF120020012AF85 /* Controller */ = {
			isa = PBXGroup;
			children = (
				6C7AAB481EF124160012AF85 /* TGHomeViewController.h */,
				6C7AAB491EF124160012AF85 /* TGHomeViewController.m */,
				6C7AAB591EF379A00012AF85 /* TGCategoryViewController.h */,
				6C7AAB5A1EF379A00012AF85 /* TGCategoryViewController.m */,
				6C7AABC61EF3CC8C0012AF85 /* TGDistrictViewController.h */,
				6C7AABC71EF3CC8C0012AF85 /* TGDistrictViewController.m */,
				6C7AABC81EF3CC8C0012AF85 /* TGDistrictViewController.xib */,
				6C7AABE31EF76EDE0012AF85 /* TGSortViewController.h */,
				6C7AABE41EF76EDE0012AF85 /* TGSortViewController.m */,
				6C7AABCB1EF3D50E0012AF85 /* TGCityViewController.h */,
				6C7AABCC1EF3D50E0012AF85 /* TGCityViewController.m */,
				6C7AABCD1EF3D50E0012AF85 /* TGCityViewController.xib */,
				6C7AABD31EF4E58D0012AF85 /* TGCitySearchResultController.h */,
				6C7AABD41EF4E58D0012AF85 /* TGCitySearchResultController.m */,
			);
			path = Controller;
			sourceTree = "<group>";
		};
		6C7AAB2F1EF120020012AF85 /* Model */ = {
			isa = PBXGroup;
			children = (
				6C7AAB661EF3BCF70012AF85 /* TGCategory.h */,
				6C7AAB671EF3BCF70012AF85 /* TGCategory.m */,
				6C7AABD01EF3F9E60012AF85 /* TGCityGroup.h */,
				6C7AABD11EF3F9E60012AF85 /* TGCityGroup.m */,
				6C7AABD91EF4EC080012AF85 /* TGCity.h */,
				6C7AABDA1EF4EC080012AF85 /* TGCity.m */,
				6C7AABDC1EF4EC150012AF85 /* TGRegion.h */,
				6C7AABDD1EF4EC150012AF85 /* TGRegion.m */,
				6C7AABE61EF770FB0012AF85 /* TGSort.h */,
				6C7AABE71EF770FB0012AF85 /* TGSort.m */,
				6C03454D1EFB86290088768B /* TGDeal.h */,
				6C03454E1EFB86290088768B /* TGDeal.m */,
				6CFBFDC31EFF9240004F5EEF /* TGDealRestrictions.h */,
				6CFBFDC41EFF9240004F5EEF /* TGDealRestrictions.m */,
				6CFBFDE71F034C2B004F5EEF /* TGBusiness.h */,
				6CFBFDE81F034C2B004F5EEF /* TGBusiness.m */,
			);
			path = Model;
			sourceTree = "<group>";
		};
		6C7AAB301EF120020012AF85 /* View */ = {
			isa = PBXGroup;
			children = (
				6C0345481EFB848C0088768B /* TGDealCell.h */,
				6C0345491EFB848C0088768B /* TGDealCell.m */,
				6C03454A1EFB848C0088768B /* TGDealCell.xib */,
				6C7AAB541EF1346F0012AF85 /* TGHomeTopItem.h */,
				6C7AAB551EF1346F0012AF85 /* TGHomeTopItem.m */,
				6C7AAB571EF134820012AF85 /* TGHomeTopItem.xib */,
				6C7AAB5C1EF37A200012AF85 /* TGHomeDropDownMenu.h */,
				6C7AAB5D1EF37A200012AF85 /* TGHomeDropDownMenu.m */,
				6C7AAB5F1EF37A2D0012AF85 /* TGHomeDropDownMenu.xib */,
				6C7AABBB1EF3C2B90012AF85 /* TGHomeDropDownMainCell.h */,
				6C7AABBC1EF3C2B90012AF85 /* TGHomeDropDownMainCell.m */,
				6C7AABBE1EF3C2C70012AF85 /* TGHomeDropDownSubCell.h */,
				6C7AABBF1EF3C2C70012AF85 /* TGHomeDropDownSubCell.m */,
				6CFBFDA01EFCFBE3004F5EEF /* TGCenterLineLabel.h */,
				6CFBFDA11EFCFBE3004F5EEF /* TGCenterLineLabel.m */,
			);
			path = View;
			sourceTree = "<group>";
		};
		6C7AAB311EF120020012AF85 /* Main(主要) */ = {
			isa = PBXGroup;
			children = (
				6CFBFDC61EFFFE3A004F5EEF /* Tool */,
				6C7AAB691EF3BD880012AF85 /* Lib */,
				6C7AAB321EF120020012AF85 /* Category */,
				6C7AAB331EF120020012AF85 /* Controller */,
				6C7AAB341EF120020012AF85 /* Model */,
				6C7AAB351EF120020012AF85 /* Other */,
				6C7AAB391EF120020012AF85 /* View */,
			);
			path = "Main(主要)";
			sourceTree = "<group>";
		};
		6C7AAB321EF120020012AF85 /* Category */ = {
			isa = PBXGroup;
			children = (
				6C7AABF11EFA34BD0012AF85 /* Foundation+Log.m */,
				6C7AABD61EF4E8790012AF85 /* UIView+AutoLayout.h */,
				6C7AABD71EF4E8790012AF85 /* UIView+AutoLayout.m */,
				6C7AAB511EF130DF0012AF85 /* UIView+Extension.h */,
				6C7AAB521EF130DF0012AF85 /* UIView+Extension.m */,
				6C7AAB4E1EF12C6A0012AF85 /* UIBarButtonItem+Extension.h */,
				6C7AAB4F1EF12C6A0012AF85 /* UIBarButtonItem+Extension.m */,
			);
			path = Category;
			sourceTree = "<group>";
		};
		6C7AAB331EF120020012AF85 /* Controller */ = {
			isa = PBXGroup;
			children = (
				6C7AAB451EF123F30012AF85 /* TGNavigationController.h */,
				6C7AAB461EF123F30012AF85 /* TGNavigationController.m */,
				6CFBFDA31EFCFF5C004F5EEF /* TGDealViewController.h */,
				6CFBFDA41EFCFF5C004F5EEF /* TGDealViewController.m */,
			);
			path = Controller;
			sourceTree = "<group>";
		};
		6C7AAB341EF120020012AF85 /* Model */ = {
			isa = PBXGroup;
			children = (
			);
			path = Model;
			sourceTree = "<group>";
		};
		6C7AAB351EF120020012AF85 /* Other */ = {
			isa = PBXGroup;
			children = (
				6C7AAB361EF120020012AF85 /* AppDelegate.h */,
				6C7AAB371EF120020012AF85 /* AppDelegate.m */,
				6C7AAB381EF120020012AF85 /* main.m */,
				6C7AAB4B1EF124410012AF85 /* TGConst.h */,
				6C7AAB4C1EF124410012AF85 /* TGConst.m */,
			);
			path = Other;
			sourceTree = "<group>";
		};
		6C7AAB391EF120020012AF85 /* View */ = {
			isa = PBXGroup;
			children = (
			);
			path = View;
			sourceTree = "<group>";
		};
		6C7AAB3C1EF120B50012AF85 /* Plist */ = {
			isa = PBXGroup;
			children = (
				6C7AAB3D1EF120B50012AF85 /* categories.plist */,
				6C7AAB3E1EF120B50012AF85 /* cities.plist */,
				6C7AAB3F1EF120B50012AF85 /* cityGroups.plist */,
				6C7AAB401EF120B50012AF85 /* sorts.plist */,
			);
			path = Plist;
			sourceTree = "<group>";
		};
		6C7AAB691EF3BD880012AF85 /* Lib */ = {
			isa = PBXGroup;
			children = (
				6CFBFDCA1F000084004F5EEF /* fmdb */,
				6CFBFDA61EFD5744004F5EEF /* AwesomeMenu */,
				6CFBFD901EFBD2F2004F5EEF /* MBProgressHUD */,
				6C0345821EFBA4700088768B /* MJRefresh */,
				6C0345501EFB87630088768B /* SDWebImage */,
				6C7AABE91EF91CD50012AF85 /* dianpingapi */,
				6C7AABA41EF3BF460012AF85 /* MJExtension */,
			);
			path = Lib;
			sourceTree = "<group>";
		};
		6C7AABA41EF3BF460012AF85 /* MJExtension */ = {
			isa = PBXGroup;
			children = (
				6C7AABA51EF3BF460012AF85 /* MJConst.h */,
				6C7AABA61EF3BF460012AF85 /* MJConst.m */,
				6C7AABA71EF3BF460012AF85 /* MJExtension.h */,
				6C7AABA81EF3BF460012AF85 /* MJFoundation.h */,
				6C7AABA91EF3BF460012AF85 /* MJFoundation.m */,
				6C7AABAA1EF3BF460012AF85 /* MJIvar.h */,
				6C7AABAB1EF3BF460012AF85 /* MJIvar.m */,
				6C7AABAC1EF3BF460012AF85 /* MJType.h */,
				6C7AABAD1EF3BF460012AF85 /* MJType.m */,
				6C7AABAE1EF3BF460012AF85 /* NSObject+MJCoding.h */,
				6C7AABAF1EF3BF460012AF85 /* NSObject+MJCoding.m */,
				6C7AABB01EF3BF460012AF85 /* NSObject+MJIvar.h */,
				6C7AABB11EF3BF460012AF85 /* NSObject+MJIvar.m */,
				6C7AABB21EF3BF460012AF85 /* NSObject+MJKeyValue.h */,
				6C7AABB31EF3BF460012AF85 /* NSObject+MJKeyValue.m */,
			);
			path = MJExtension;
			sourceTree = "<group>";
		};
		6C7AABDF1EF662DC0012AF85 /* Tool */ = {
			isa = PBXGroup;
			children = (
				6C7AABE01EF663000012AF85 /* TGMetaTool.h */,
				6C7AABE11EF663000012AF85 /* TGMetaTool.m */,
			);
			path = Tool;
			sourceTree = "<group>";
		};
		6C7AABE91EF91CD50012AF85 /* dianpingapi */ = {
			isa = PBXGroup;
			children = (
				6C7AABEA1EF91CD50012AF85 /* DPAPI.h */,
				6C7AABEB1EF91CD50012AF85 /* DPAPI.m */,
				6C7AABEC1EF91CD50012AF85 /* DPConstants.h */,
				6C7AABED1EF91CD50012AF85 /* DPRequest.h */,
				6C7AABEE1EF91CD50012AF85 /* DPRequest.m */,
			);
			path = dianpingapi;
			sourceTree = "<group>";
		};
		6CFBFD901EFBD2F2004F5EEF /* MBProgressHUD */ = {
			isa = PBXGroup;
			children = (
				6CFBFD911EFBD2F2004F5EEF /* MBProgressHUD+MJ.h */,
				6CFBFD921EFBD2F2004F5EEF /* MBProgressHUD+MJ.m */,
				6CFBFD931EFBD2F2004F5EEF /* MBProgressHUD.bundle */,
				6CFBFD941EFBD2F2004F5EEF /* MBProgressHUD.h */,
				6CFBFD951EFBD2F2004F5EEF /* MBProgressHUD.m */,
			);
			path = MBProgressHUD;
			sourceTree = "<group>";
		};
		6CFBFD991EFCEF46004F5EEF /* Search(搜索) */ = {
			isa = PBXGroup;
			children = (
				6CFBFD9A1EFCEF46004F5EEF /* Controller */,
				6CFBFD9B1EFCEF46004F5EEF /* Model */,
				6CFBFD9C1EFCEF46004F5EEF /* View */,
			);
			path = "Search(搜索)";
			sourceTree = "<group>";
		};
		6CFBFD9A1EFCEF46004F5EEF /* Controller */ = {
			isa = PBXGroup;
			children = (
				6CFBFD9D1EFCEF7B004F5EEF /* TGSearchController.h */,
				6CFBFD9E1EFCEF7B004F5EEF /* TGSearchController.m */,
			);
			path = Controller;
			sourceTree = "<group>";
		};
		6CFBFD9B1EFCEF46004F5EEF /* Model */ = {
			isa = PBXGroup;
			children = (
			);
			path = Model;
			sourceTree = "<group>";
		};
		6CFBFD9C1EFCEF46004F5EEF /* View */ = {
			isa = PBXGroup;
			children = (
			);
			path = View;
			sourceTree = "<group>";
		};
		6CFBFDA61EFD5744004F5EEF /* AwesomeMenu */ = {
			isa = PBXGroup;
			children = (
				6CFBFDA71EFD5744004F5EEF /* AwesomeMenu.h */,
				6CFBFDA81EFD5744004F5EEF /* AwesomeMenu.m */,
				6CFBFDA91EFD5744004F5EEF /* AwesomeMenuItem.h */,
				6CFBFDAA1EFD5744004F5EEF /* AwesomeMenuItem.m */,
			);
			path = AwesomeMenu;
			sourceTree = "<group>";
		};
		6CFBFDAD1EFD62E3004F5EEF /* Collection(收藏) */ = {
			isa = PBXGroup;
			children = (
				6CFBFDAE1EFD62E3004F5EEF /* Controller */,
			);
			path = "Collection(收藏)";
			sourceTree = "<group>";
		};
		6CFBFDAE1EFD62E3004F5EEF /* Controller */ = {
			isa = PBXGroup;
			children = (
				6CFBFDB11EFD6310004F5EEF /* TGCollecController.h */,
				6CFBFDB21EFD6310004F5EEF /* TGCollecController.m */,
			);
			path = Controller;
			sourceTree = "<group>";
		};
		6CFBFDAF1EFD62EB004F5EEF /* ScanHistory(浏览记录) */ = {
			isa = PBXGroup;
			children = (
				6CFBFDB01EFD62EB004F5EEF /* Controller */,
			);
			path = "ScanHistory(浏览记录)";
			sourceTree = "<group>";
		};
		6CFBFDB01EFD62EB004F5EEF /* Controller */ = {
			isa = PBXGroup;
			children = (
				6CFBFDB41EFD6328004F5EEF /* TGScanHistoryController.h */,
				6CFBFDB51EFD6328004F5EEF /* TGScanHistoryController.m */,
			);
			path = Controller;
			sourceTree = "<group>";
		};
		6CFBFDB71EFE5620004F5EEF /* DealDetail(订单详情) */ = {
			isa = PBXGroup;
			children = (
				6CFBFDB81EFE5620004F5EEF /* Controller */,
			);
			path = "DealDetail(订单详情)";
			sourceTree = "<group>";
		};
		6CFBFDB81EFE5620004F5EEF /* Controller */ = {
			isa = PBXGroup;
			children = (
				6CFBFDB91EFE5649004F5EEF /* TGDealDetailViewController.h */,
				6CFBFDBA1EFE5649004F5EEF /* TGDealDetailViewController.m */,
				6CFBFDBB1EFE5649004F5EEF /* TGDealDetailViewController.xib */,
			);
			path = Controller;
			sourceTree = "<group>";
		};
		6CFBFDC61EFFFE3A004F5EEF /* Tool */ = {
			isa = PBXGroup;
			children = (
				6CFBFDC71EFFFE54004F5EEF /* TGDealTool.h */,
				6CFBFDC81EFFFE54004F5EEF /* TGDealTool.m */,
			);
			path = Tool;
			sourceTree = "<group>";
		};
		6CFBFDCA1F000084004F5EEF /* fmdb */ = {
			isa = PBXGroup;
			children = (
				6CFBFDCB1F000084004F5EEF /* FMDatabase.h */,
				6CFBFDCC1F000084004F5EEF /* FMDatabase.m */,
				6CFBFDCD1F000084004F5EEF /* FMDatabaseAdditions.h */,
				6CFBFDCE1F000084004F5EEF /* FMDatabaseAdditions.m */,
				6CFBFDCF1F000084004F5EEF /* FMDatabasePool.h */,
				6CFBFDD01F000084004F5EEF /* FMDatabasePool.m */,
				6CFBFDD11F000084004F5EEF /* FMDatabaseQueue.h */,
				6CFBFDD21F000084004F5EEF /* FMDatabaseQueue.m */,
				6CFBFDD31F000084004F5EEF /* FMDB.h */,
				6CFBFDD41F000084004F5EEF /* FMResultSet.h */,
				6CFBFDD51F000084004F5EEF /* FMResultSet.m */,
			);
			path = fmdb;
			sourceTree = "<group>";
		};
		6CFBFDDD1F02812E004F5EEF /* Map(地图) */ = {
			isa = PBXGroup;
			children = (
				6CFBFDEA1F035087004F5EEF /* Model */,
				6CFBFDDE1F02812E004F5EEF /* Controller */,
			);
			path = "Map(地图)";
			sourceTree = "<group>";
		};
		6CFBFDDE1F02812E004F5EEF /* Controller */ = {
			isa = PBXGroup;
			children = (
				6CFBFDE21F02845B004F5EEF /* TGMapViewController.h */,
				6CFBFDE31F02845B004F5EEF /* TGMapViewController.m */,
				6CFBFDE41F02845B004F5EEF /* TGMapViewController.xib */,
			);
			path = Controller;
			sourceTree = "<group>";
		};
		6CFBFDEA1F035087004F5EEF /* Model */ = {
			isa = PBXGroup;
			children = (
				6CFBFDEB1F0350A4004F5EEF /* TGDealAnnotation.h */,
				6CFBFDEC1F0350A4004F5EEF /* TGDealAnnotation.m */,
			);
			path = Model;
			sourceTree = "<group>";
		};
/* End PBXGroup section */

/* Begin PBXNativeTarget section */
		6C7AAAF51EF0F86E0012AF85 /* 团购HD */ = {
			isa = PBXNativeTarget;
			buildConfigurationList = 6C7AAB231EF0F86E0012AF85 /* Build configuration list for PBXNativeTarget "团购HD" */;
			buildPhases = (
				6C7AAAF21EF0F86E0012AF85 /* Sources */,
				6C7AAAF31EF0F86E0012AF85 /* Frameworks */,
				6C7AAAF41EF0F86E0012AF85 /* Resources */,
			);
			buildRules = (
			);
			dependencies = (
			);
			name = "团购HD";
			productName = "团购HD";
			productReference = 6C7AAAF61EF0F86E0012AF85 /* 团购HD.app */;
			productType = "com.apple.product-type.application";
		};
		6C7AAB0E1EF0F86E0012AF85 /* 团购HDTests */ = {
			isa = PBXNativeTarget;
			buildConfigurationList = 6C7AAB261EF0F86E0012AF85 /* Build configuration list for PBXNativeTarget "团购HDTests" */;
			buildPhases = (
				6C7AAB0B1EF0F86E0012AF85 /* Sources */,
				6C7AAB0C1EF0F86E0012AF85 /* Frameworks */,
				6C7AAB0D1EF0F86E0012AF85 /* Resources */,
			);
			buildRules = (
			);
			dependencies = (
				6C7AAB111EF0F86E0012AF85 /* PBXTargetDependency */,
			);
			name = "团购HDTests";
			productName = "团购HDTests";
			productReference = 6C7AAB0F1EF0F86E0012AF85 /* 团购HDTests.xctest */;
			productType = "com.apple.product-type.bundle.unit-test";
		};
		6C7AAB191EF0F86E0012AF85 /* 团购HDUITests */ = {
			isa = PBXNativeTarget;
			buildConfigurationList = 6C7AAB291EF0F86E0012AF85 /* Build configuration list for PBXNativeTarget "团购HDUITests" */;
			buildPhases = (
				6C7AAB161EF0F86E0012AF85 /* Sources */,
				6C7AAB171EF0F86E0012AF85 /* Frameworks */,
				6C7AAB181EF0F86E0012AF85 /* Resources */,
			);
			buildRules = (
			);
			dependencies = (
				6C7AAB1C1EF0F86E0012AF85 /* PBXTargetDependency */,
			);
			name = "团购HDUITests";
			productName = "团购HDUITests";
			productReference = 6C7AAB1A1EF0F86E0012AF85 /* 团购HDUITests.xctest */;
			productType = "com.apple.product-type.bundle.ui-testing";
		};
/* End PBXNativeTarget section */

/* Begin PBXProject section */
		6C7AAAEE1EF0F86E0012AF85 /* Project object */ = {
			isa = PBXProject;
			attributes = {
				CLASSPREFIX = TG;
				LastUpgradeCheck = 0700;
				ORGANIZATIONNAME = BJT;
				TargetAttributes = {
					6C7AAAF51EF0F86E0012AF85 = {
						CreatedOnToolsVersion = 7.0;
					};
					6C7AAB0E1EF0F86E0012AF85 = {
						CreatedOnToolsVersion = 7.0;
						TestTargetID = 6C7AAAF51EF0F86E0012AF85;
					};
					6C7AAB191EF0F86E0012AF85 = {
						CreatedOnToolsVersion = 7.0;
						TestTargetID = 6C7AAAF51EF0F86E0012AF85;
					};
				};
			};
			buildConfigurationList = 6C7AAAF11EF0F86E0012AF85 /* Build configuration list for PBXProject "团购HD" */;
			compatibilityVersion = "Xcode 3.2";
			developmentRegion = English;
			hasScannedForEncodings = 0;
			knownRegions = (
				en,
				Base,
			);
			mainGroup = 6C7AAAED1EF0F86E0012AF85;
			productRefGroup = 6C7AAAF71EF0F86E0012AF85 /* Products */;
			projectDirPath = "";
			projectRoot = "";
			targets = (
				6C7AAAF51EF0F86E0012AF85 /* 团购HD */,
				6C7AAB0E1EF0F86E0012AF85 /* 团购HDTests */,
				6C7AAB191EF0F86E0012AF85 /* 团购HDUITests */,
			);
		};
/* End PBXProject section */

/* Begin PBXResourcesBuildPhase section */
		6C7AAAF41EF0F86E0012AF85 /* Resources */ = {
			isa = PBXResourcesBuildPhase;
			buildActionMask = 2147483647;
			files = (
				6CFBFDE61F02845B004F5EEF /* TGMapViewController.xib in Resources */,
				6C7AAB581EF134820012AF85 /* TGHomeTopItem.xib in Resources */,
				6C7AAB601EF37A2D0012AF85 /* TGHomeDropDownMenu.xib in Resources */,
				6C7AAB421EF120B50012AF85 /* cities.plist in Resources */,
				6C7AAB411EF120B50012AF85 /* categories.plist in Resources */,
				6C7AAB441EF120B50012AF85 /* sorts.plist in Resources */,
				6CFBFD971EFBD2F2004F5EEF /* MBProgressHUD.bundle in Resources */,
				6CFBFDBD1EFE5649004F5EEF /* TGDealDetailViewController.xib in Resources */,
				6C7AABCA1EF3CC8C0012AF85 /* TGDistrictViewController.xib in Resources */,
				6C7AAB061EF0F86E0012AF85 /* Assets.xcassets in Resources */,
				6C0345931EFBA4700088768B /* MJRefresh.bundle in Resources */,
				6C7AAB431EF120B50012AF85 /* cityGroups.plist in Resources */,
				6C03454C1EFB848C0088768B /* TGDealCell.xib in Resources */,
				6C7AABCF1EF3D50E0012AF85 /* TGCityViewController.xib in Resources */,
				6CFBFDBF1EFE6452004F5EEF /* html.html in Resources */,
			);
			runOnlyForDeploymentPostprocessing = 0;
		};
		6C7AAB0D1EF0F86E0012AF85 /* Resources */ = {
			isa = PBXResourcesBuildPhase;
			buildActionMask = 2147483647;
			files = (
			);
			runOnlyForDeploymentPostprocessing = 0;
		};
		6C7AAB181EF0F86E0012AF85 /* Resources */ = {
			isa = PBXResourcesBuildPhase;
			buildActionMask = 2147483647;
			files = (
			);
			runOnlyForDeploymentPostprocessing = 0;
		};
/* End PBXResourcesBuildPhase section */

/* Begin PBXSourcesBuildPhase section */
		6C7AAAF21EF0F86E0012AF85 /* Sources */ = {
			isa = PBXSourcesBuildPhase;
			buildActionMask = 2147483647;
			files = (
				6C7AABB91EF3BF460012AF85 /* NSObject+MJIvar.m in Sources */,
				6C7AAB561EF1346F0012AF85 /* TGHomeTopItem.m in Sources */,
				6C03454F1EFB86290088768B /* TGDeal.m in Sources */,
				6C7AABB71EF3BF460012AF85 /* MJType.m in Sources */,
				6C0345751EFB87630088768B /* SDWebImageCompat.m in Sources */,
				6CFBFDD81F000084004F5EEF /* FMDatabasePool.m in Sources */,
				6C7AABF01EF91CD50012AF85 /* DPRequest.m in Sources */,
				6C0345941EFBA4700088768B /* MJRefreshBaseView.m in Sources */,
				6CFBFD981EFBD2F2004F5EEF /* MBProgressHUD.m in Sources */,
				6C03454B1EFB848C0088768B /* TGDealCell.m in Sources */,
				6C03457B1EFB87630088768B /* UIButton+WebCache.m in Sources */,
				6CFBFDB61EFD6328004F5EEF /* TGScanHistoryController.m in Sources */,
				6C7AAB5E1EF37A200012AF85 /* TGHomeDropDownMenu.m in Sources */,
				6C7AABF21EFA34BD0012AF85 /* Foundation+Log.m in Sources */,
				6C0345791EFB87630088768B /* SDWebImageManager.m in Sources */,
				6C0345961EFBA4700088768B /* MJRefreshFooterView.m in Sources */,
				6CFBFDAB1EFD5744004F5EEF /* AwesomeMenu.m in Sources */,
				6CFBFDA21EFCFBE3004F5EEF /* TGCenterLineLabel.m in Sources */,
				6C7AABBA1EF3BF460012AF85 /* NSObject+MJKeyValue.m in Sources */,
				6C7AABDE1EF4EC150012AF85 /* TGRegion.m in Sources */,
				6C03459A1EFBA4700088768B /* UIView+MJExtension.m in Sources */,
				6C7AABD81EF4E8790012AF85 /* UIView+AutoLayout.m in Sources */,
				6C0345761EFB87630088768B /* SDWebImageDecoder.m in Sources */,
				6C7AABB61EF3BF460012AF85 /* MJIvar.m in Sources */,
				6CFBFDD71F000084004F5EEF /* FMDatabaseAdditions.m in Sources */,
				6C7AABD51EF4E58D0012AF85 /* TGCitySearchResultController.m in Sources */,
				6C7AAB501EF12C6A0012AF85 /* UIBarButtonItem+Extension.m in Sources */,
				6C7AAB4A1EF124160012AF85 /* TGHomeViewController.m in Sources */,
				6C03457E1EFB87630088768B /* UIImage+WebP.m in Sources */,
				6CFBFD9F1EFCEF7B004F5EEF /* TGSearchController.m in Sources */,
				6C7AAB471EF123F30012AF85 /* TGNavigationController.m in Sources */,
				6C0345781EFB87630088768B /* SDWebImageDownloaderOperation.m in Sources */,
				6C7AABC91EF3CC8C0012AF85 /* TGDistrictViewController.m in Sources */,
				6C0345721EFB87630088768B /* MKAnnotationView+WebCache.m in Sources */,
				6C7AAB531EF130DF0012AF85 /* UIView+Extension.m in Sources */,
				6C7AABDB1EF4EC080012AF85 /* TGCity.m in Sources */,
				6C03457F1EFB87630088768B /* UIImageView+HighlightedWebCache.m in Sources */,
				6C0345991EFBA4700088768B /* UIScrollView+MJRefresh.m in Sources */,
				6C7AAB4D1EF124410012AF85 /* TGConst.m in Sources */,
				6CFBFDE91F034C2B004F5EEF /* TGBusiness.m in Sources */,
				6CFBFDAC1EFD5744004F5EEF /* AwesomeMenuItem.m in Sources */,
				6CFBFDC91EFFFE54004F5EEF /* TGDealTool.m in Sources */,
				6C7AABB51EF3BF460012AF85 /* MJFoundation.m in Sources */,
				6C7AABEF1EF91CD50012AF85 /* DPAPI.m in Sources */,
				6C0345951EFBA4700088768B /* MJRefreshConst.m in Sources */,
				6CFBFD961EFBD2F2004F5EEF /* MBProgressHUD+MJ.m in Sources */,
				6C7AAB3B1EF120020012AF85 /* main.m in Sources */,
				6C7AABE81EF770FB0012AF85 /* TGSort.m in Sources */,
				6C0345801EFB87630088768B /* UIImageView+WebCache.m in Sources */,
				6C7AABC01EF3C2C70012AF85 /* TGHomeDropDownSubCell.m in Sources */,
				6CFBFDD91F000084004F5EEF /* FMDatabaseQueue.m in Sources */,
				6C0345811EFB87630088768B /* UIView+WebCacheOperation.m in Sources */,
				6C7AABBD1EF3C2B90012AF85 /* TGHomeDropDownMainCell.m in Sources */,
				6CFBFDED1F0350A4004F5EEF /* TGDealAnnotation.m in Sources */,
				6C7AAB3A1EF120020012AF85 /* AppDelegate.m in Sources */,
				6C7AABB81EF3BF460012AF85 /* NSObject+MJCoding.m in Sources */,
				6CFBFDD61F000084004F5EEF /* FMDatabase.m in Sources */,
				6C7AAB5B1EF379A00012AF85 /* TGCategoryViewController.m in Sources */,
				6C7AABB41EF3BF460012AF85 /* MJConst.m in Sources */,
				6C0345771EFB87630088768B /* SDWebImageDownloader.m in Sources */,
				6C0345981EFBA4700088768B /* UIScrollView+MJExtension.m in Sources */,
				6C7AABCE1EF3D50E0012AF85 /* TGCityViewController.m in Sources */,
				6CFBFDA51EFCFF5C004F5EEF /* TGDealViewController.m in Sources */,
				6C03457C1EFB87630088768B /* UIImage+GIF.m in Sources */,
				6C0345971EFBA4700088768B /* MJRefreshHeaderView.m in Sources */,
				6C7AABD21EF3F9E60012AF85 /* TGCityGroup.m in Sources */,
				6C0345741EFB87630088768B /* SDImageCache.m in Sources */,
				6C0345731EFB87630088768B /* NSData+ImageContentType.m in Sources */,
				6CFBFDC51EFF9240004F5EEF /* TGDealRestrictions.m in Sources */,
				6CFBFDB31EFD6310004F5EEF /* TGCollecController.m in Sources */,
				6CFBFDE51F02845B004F5EEF /* TGMapViewController.m in Sources */,
				6CFBFDBC1EFE5649004F5EEF /* TGDealDetailViewController.m in Sources */,
				6CFBFDDA1F000084004F5EEF /* FMResultSet.m in Sources */,
				6C7AAB681EF3BCF70012AF85 /* TGCategory.m in Sources */,
				6C03457A1EFB87630088768B /* SDWebImagePrefetcher.m in Sources */,
				6C03457D1EFB87630088768B /* UIImage+MultiFormat.m in Sources */,
				6C7AABE21EF663000012AF85 /* TGMetaTool.m in Sources */,
				6C7AABE51EF76EDE0012AF85 /* TGSortViewController.m in Sources */,
			);
			runOnlyForDeploymentPostprocessing = 0;
		};
		6C7AAB0B1EF0F86E0012AF85 /* Sources */ = {
			isa = PBXSourcesBuildPhase;
			buildActionMask = 2147483647;
			files = (
				6C7AAB141EF0F86E0012AF85 /* __HDTests.m in Sources */,
			);
			runOnlyForDeploymentPostprocessing = 0;
		};
		6C7AAB161EF0F86E0012AF85 /* Sources */ = {
			isa = PBXSourcesBuildPhase;
			buildActionMask = 2147483647;
			files = (
				6C7AAB1F1EF0F86E0012AF85 /* __HDUITests.m in Sources */,
			);
			runOnlyForDeploymentPostprocessing = 0;
		};
/* End PBXSourcesBuildPhase section */

/* Begin PBXTargetDependency section */
		6C7AAB111EF0F86E0012AF85 /* PBXTargetDependency */ = {
			isa = PBXTargetDependency;
			target = 6C7AAAF51EF0F86E0012AF85 /* 团购HD */;
			targetProxy = 6C7AAB101EF0F86E0012AF85 /* PBXContainerItemProxy */;
		};
		6C7AAB1C1EF0F86E0012AF85 /* PBXTargetDependency */ = {
			isa = PBXTargetDependency;
			target = 6C7AAAF51EF0F86E0012AF85 /* 团购HD */;
			targetProxy = 6C7AAB1B1EF0F86E0012AF85 /* PBXContainerItemProxy */;
		};
/* End PBXTargetDependency section */

/* Begin XCBuildConfiguration section */
		6C7AAB211EF0F86E0012AF85 /* Debug */ = {
			isa = XCBuildConfiguration;
			buildSettings = {
				ALWAYS_SEARCH_USER_PATHS = NO;
				CLANG_CXX_LANGUAGE_STANDARD = "gnu++0x";
				CLANG_CXX_LIBRARY = "libc++";
				CLANG_ENABLE_MODULES = YES;
				CLANG_ENABLE_OBJC_ARC = YES;
				CLANG_WARN_BOOL_CONVERSION = YES;
				CLANG_WARN_CONSTANT_CONVERSION = YES;
				CLANG_WARN_DIRECT_OBJC_ISA_USAGE = YES_ERROR;
				CLANG_WARN_EMPTY_BODY = YES;
				CLANG_WARN_ENUM_CONVERSION = YES;
				CLANG_WARN_INT_CONVERSION = YES;
				CLANG_WARN_OBJC_ROOT_CLASS = YES_ERROR;
				CLANG_WARN_UNREACHABLE_CODE = YES;
				CLANG_WARN__DUPLICATE_METHOD_MATCH = YES;
				"CODE_SIGN_IDENTITY[sdk=iphoneos*]" = "iPhone Developer";
				COPY_PHASE_STRIP = NO;
				DEBUG_INFORMATION_FORMAT = dwarf;
				ENABLE_STRICT_OBJC_MSGSEND = YES;
				ENABLE_TESTABILITY = YES;
				GCC_C_LANGUAGE_STANDARD = gnu99;
				GCC_DYNAMIC_NO_PIC = NO;
				GCC_NO_COMMON_BLOCKS = YES;
				GCC_OPTIMIZATION_LEVEL = 0;
				GCC_PREPROCESSOR_DEFINITIONS = (
					"DEBUG=1",
					"$(inherited)",
				);
				GCC_WARN_64_TO_32_BIT_CONVERSION = YES;
				GCC_WARN_ABOUT_RETURN_TYPE = YES_ERROR;
				GCC_WARN_UNDECLARED_SELECTOR = YES;
				GCC_WARN_UNINITIALIZED_AUTOS = YES_AGGRESSIVE;
				GCC_WARN_UNUSED_FUNCTION = YES;
				GCC_WARN_UNUSED_VARIABLE = YES;
				IPHONEOS_DEPLOYMENT_TARGET = 9.0;
				MTL_ENABLE_DEBUG_INFO = YES;
				ONLY_ACTIVE_ARCH = YES;
				SDKROOT = iphoneos;
				TARGETED_DEVICE_FAMILY = 2;
			};
			name = Debug;
		};
		6C7AAB221EF0F86E0012AF85 /* Release */ = {
			isa = XCBuildConfiguration;
			buildSettings = {
				ALWAYS_SEARCH_USER_PATHS = NO;
				CLANG_CXX_LANGUAGE_STANDARD = "gnu++0x";
				CLANG_CXX_LIBRARY = "libc++";
				CLANG_ENABLE_MODULES = YES;
				CLANG_ENABLE_OBJC_ARC = YES;
				CLANG_WARN_BOOL_CONVERSION = YES;
				CLANG_WARN_CONSTANT_CONVERSION = YES;
				CLANG_WARN_DIRECT_OBJC_ISA_USAGE = YES_ERROR;
				CLANG_WARN_EMPTY_BODY = YES;
				CLANG_WARN_ENUM_CONVERSION = YES;
				CLANG_WARN_INT_CONVERSION = YES;
				CLANG_WARN_OBJC_ROOT_CLASS = YES_ERROR;
				CLANG_WARN_UNREACHABLE_CODE = YES;
				CLANG_WARN__DUPLICATE_METHOD_MATCH = YES;
				"CODE_SIGN_IDENTITY[sdk=iphoneos*]" = "iPhone Developer";
				COPY_PHASE_STRIP = NO;
				DEBUG_INFORMATION_FORMAT = "dwarf-with-dsym";
				ENABLE_NS_ASSERTIONS = NO;
				ENABLE_STRICT_OBJC_MSGSEND = YES;
				GCC_C_LANGUAGE_STANDARD = gnu99;
				GCC_NO_COMMON_BLOCKS = YES;
				GCC_WARN_64_TO_32_BIT_CONVERSION = YES;
				GCC_WARN_ABOUT_RETURN_TYPE = YES_ERROR;
				GCC_WARN_UNDECLARED_SELECTOR = YES;
				GCC_WARN_UNINITIALIZED_AUTOS = YES_AGGRESSIVE;
				GCC_WARN_UNUSED_FUNCTION = YES;
				GCC_WARN_UNUSED_VARIABLE = YES;
				IPHONEOS_DEPLOYMENT_TARGET = 9.0;
				MTL_ENABLE_DEBUG_INFO = NO;
				SDKROOT = iphoneos;
				TARGETED_DEVICE_FAMILY = 2;
				VALIDATE_PRODUCT = YES;
			};
			name = Release;
		};
		6C7AAB241EF0F86E0012AF85 /* Debug */ = {
			isa = XCBuildConfiguration;
			buildSettings = {
				ASSETCATALOG_COMPILER_APPICON_NAME = AppIcon;
				ASSETCATALOG_COMPILER_LAUNCHIMAGE_NAME = LaunchImage;
				INFOPLIST_FILE = "团购HD/Info.plist";
				IPHONEOS_DEPLOYMENT_TARGET = 8.0;
				LD_RUNPATH_SEARCH_PATHS = "$(inherited) @executable_path/Frameworks";
				PRODUCT_BUNDLE_IDENTIFIER = "com.BJT.--HD";
				PRODUCT_NAME = "$(TARGET_NAME)";
			};
			name = Debug;
		};
		6C7AAB251EF0F86E0012AF85 /* Release */ = {
			isa = XCBuildConfiguration;
			buildSettings = {
				ASSETCATALOG_COMPILER_APPICON_NAME = AppIcon;
				ASSETCATALOG_COMPILER_LAUNCHIMAGE_NAME = LaunchImage;
				INFOPLIST_FILE = "团购HD/Info.plist";
				IPHONEOS_DEPLOYMENT_TARGET = 8.0;
				LD_RUNPATH_SEARCH_PATHS = "$(inherited) @executable_path/Frameworks";
				PRODUCT_BUNDLE_IDENTIFIER = "com.BJT.--HD";
				PRODUCT_NAME = "$(TARGET_NAME)";
			};
			name = Release;
		};
		6C7AAB271EF0F86E0012AF85 /* Debug */ = {
			isa = XCBuildConfiguration;
			buildSettings = {
				BUNDLE_LOADER = "$(TEST_HOST)";
				INFOPLIST_FILE = "团购HDTests/Info.plist";
				LD_RUNPATH_SEARCH_PATHS = "$(inherited) @executable_path/Frameworks @loader_path/Frameworks";
				PRODUCT_BUNDLE_IDENTIFIER = "com.BJT.--HDTests";
				PRODUCT_NAME = "$(TARGET_NAME)";
				TEST_HOST = "$(BUILT_PRODUCTS_DIR)/团购HD.app/团购HD";
			};
			name = Debug;
		};
		6C7AAB281EF0F86E0012AF85 /* Release */ = {
			isa = XCBuildConfiguration;
			buildSettings = {
				BUNDLE_LOADER = "$(TEST_HOST)";
				INFOPLIST_FILE = "团购HDTests/Info.plist";
				LD_RUNPATH_SEARCH_PATHS = "$(inherited) @executable_path/Frameworks @loader_path/Frameworks";
				PRODUCT_BUNDLE_IDENTIFIER = "com.BJT.--HDTests";
				PRODUCT_NAME = "$(TARGET_NAME)";
				TEST_HOST = "$(BUILT_PRODUCTS_DIR)/团购HD.app/团购HD";
			};
			name = Release;
		};
		6C7AAB2A1EF0F86E0012AF85 /* Debug */ = {
			isa = XCBuildConfiguration;
			buildSettings = {
				INFOPLIST_FILE = "团购HDUITests/Info.plist";
				LD_RUNPATH_SEARCH_PATHS = "$(inherited) @executable_path/Frameworks @loader_path/Frameworks";
				PRODUCT_BUNDLE_IDENTIFIER = "com.BJT.--HDUITests";
				PRODUCT_NAME = "$(TARGET_NAME)";
				TEST_TARGET_NAME = "团购HD";
				USES_XCTRUNNER = YES;
			};
			name = Debug;
		};
		6C7AAB2B1EF0F86E0012AF85 /* Release */ = {
			isa = XCBuildConfiguration;
			buildSettings = {
				INFOPLIST_FILE = "团购HDUITests/Info.plist";
				LD_RUNPATH_SEARCH_PATHS = "$(inherited) @executable_path/Frameworks @loader_path/Frameworks";
				PRODUCT_BUNDLE_IDENTIFIER = "com.BJT.--HDUITests";
				PRODUCT_NAME = "$(TARGET_NAME)";
				TEST_TARGET_NAME = "团购HD";
				USES_XCTRUNNER = YES;
			};
			name = Release;
		};
/* End XCBuildConfiguration section */

/* Begin XCConfigurationList section */
		6C7AAAF11EF0F86E0012AF85 /* Build configuration list for PBXProject "团购HD" */ = {
			isa = XCConfigurationList;
			buildConfigurations = (
				6C7AAB211EF0F86E0012AF85 /* Debug */,
				6C7AAB221EF0F86E0012AF85 /* Release */,
			);
			defaultConfigurationIsVisible = 0;
			defaultConfigurationName = Release;
		};
		6C7AAB231EF0F86E0012AF85 /* Build configuration list for PBXNativeTarget "团购HD" */ = {
			isa = XCConfigurationList;
			buildConfigurations = (
				6C7AAB241EF0F86E0012AF85 /* Debug */,
				6C7AAB251EF0F86E0012AF85 /* Release */,
			);
			defaultConfigurationIsVisible = 0;
			defaultConfigurationName = Release;
		};
		6C7AAB261EF0F86E0012AF85 /* Build configuration list for PBXNativeTarget "团购HDTests" */ = {
			isa = XCConfigurationList;
			buildConfigurations = (
				6C7AAB271EF0F86E0012AF85 /* Debug */,
				6C7AAB281EF0F86E0012AF85 /* Release */,
			);
			defaultConfigurationIsVisible = 0;
			defaultConfigurationName = Release;
		};
		6C7AAB291EF0F86E0012AF85 /* Build configuration list for PBXNativeTarget "团购HDUITests" */ = {
			isa = XCConfigurationList;
			buildConfigurations = (
				6C7AAB2A1EF0F86E0012AF85 /* Debug */,
				6C7AAB2B1EF0F86E0012AF85 /* Release */,
			);
			defaultConfigurationIsVisible = 0;
			defaultConfigurationName = Release;
		};
/* End XCConfigurationList section */
	};
	rootObject = 6C7AAAEE1EF0F86E0012AF85 /* Project object */;
}
